
Microsoft Visual Studio Solution File, Format Version 12.00
# Visual Studio Version 16
VisualStudioVersion = 16.0.29324.140
MinimumVisualStudioVersion = 10.0.40219.1
Project("{9A19103F-16F7-4668-BE54-9A1E7A4F7556}") = "ExpressionTreesDemo", "ExpressionTreesDemo\ExpressionTreesDemo.csproj", "{950A3B02-2622-4832-B507-568637086450}"
EndProject
Project("{9A19103F-16F7-4668-BE54-9A1E7A4F7556}") = "InDepth", "InDepth\InDepth.csproj", "{7CBC1430-E7C7-443C-8E90-19AEC4DF30F0}"
EndProject
Project("{9A19103F-16F7-4668-BE54-9A1E7A4F7556}") = "ShallowAndDeep", "ShallowAndDeep\ShallowAndDeep.csproj", "{9A9FFFB3-44C0-4C89-AFC4-9633546FCA25}"
EndProject
Project("{9A19103F-16F7-4668-BE54-9A1E7A4F7556}") = "DeepCopyICloneable", "DeepCopyIClonable\DeepCopyICloneable.csproj", "{7372A8F5-149C-4D3D-BE21-60C561B9C5D8}"
EndProject
Project("{9A19103F-16F7-4668-BE54-9A1E7A4F7556}") = "GarbigeCollector", "GarbigeCollector\GarbigeCollector.csproj", "{16CD3924-BE77-4949-86B2-22F8F691E78D}"
EndProject
Project("{9A19103F-16F7-4668-BE54-9A1E7A4F7556}") = "GCollection", "GCollection\GCollection.csproj", "{048AD1FF-EF97-478A-93C3-902546D32ABE}"
EndProject
Project("{9A19103F-16F7-4668-BE54-9A1E7A4F7556}") = "MemoryLeaks", "MemoryLeaks\MemoryLeaks.csproj", "{EEE6A039-68E3-49D2-AC22-518B3E80081F}"
EndProject
Project("{9A19103F-16F7-4668-BE54-9A1E7A4F7556}") = "UmanagedCSharp", "UmanagedCSharp\UmanagedCSharp.csproj", "{75A8EA73-D510-4793-8F07-73AF0CF4A4FF}"
EndProject
Project("{8BC9CEB8-8B4A-11D0-8D11-00A0C91BC942}") = "Cplusplusproject", "Cplusplusproject\Cplusplusproject.vcxproj", "{E4D4D98B-E3BC-45CA-9402-4CCC2E2B4279}"
EndProject
Project("{FAE04EC0-301F-11D3-BF4B-00C04F79EFBC}") = "CSharpManaged", "CSharpManaged\CSharpManaged.csproj", "{8E3F53E9-67E2-4851-B8FB-2971448F8D68}"
EndProject
Project("{9A19103F-16F7-4668-BE54-9A1E7A4F7556}") = "ExpresionTreesAddedToASP", "ExpresionTreesAddedToASP\ExpresionTreesAddedToASP.csproj", "{FC7F8A7D-8BD3-4182-B8C8-2FF09816B5D6}"
EndProject
Project("{9A19103F-16F7-4668-BE54-9A1E7A4F7556}") = "MultiThreadingP1", "MultiThreadingP1\MultiThreadingP1.csproj", "{E6106290-CD35-4E21-B5E1-61F5940ABCD4}"
EndProject
Project("{9A19103F-16F7-4668-BE54-9A1E7A4F7556}") = "MultiTreadingDemo", "MultiTredingDemo\MultiTreadingDemo.csproj", "{0A2EF0CB-F76C-4CD7-B407-A6DA80044552}"
EndProject
Project("{9A19103F-16F7-4668-BE54-9A1E7A4F7556}") = "StackTrace", "StackTrace\StackTrace.csproj", "{9A18B30A-DC4E-46AE-B9E3-C48B6E4E73EB}"
EndProject
Project("{2150E333-8FDC-42A3-9474-1A3956D46DE8}") = "Threads", "Threads", "{475998D2-9D51-4611-BD98-9B6FCB502EF6}"
EndProject
Project("{9A19103F-16F7-4668-BE54-9A1E7A4F7556}") = "RaceCondition", "RaceCondition\RaceCondition.csproj", "{D1DDBA59-32DD-4ED2-B15C-1FF98D1B89F3}"
EndProject
Project("{2150E333-8FDC-42A3-9474-1A3956D46DE8}") = "ExpressionTrees", "ExpressionTrees", "{4C2F265B-F154-4A5C-A2F3-21296739F082}"
EndProject
Project("{2150E333-8FDC-42A3-9474-1A3956D46DE8}") = "InDepthProgs", "InDepthProgs", "{2D553D8A-DD0C-48E2-9D88-16569010AAF8}"
EndProject
Project("{9A19103F-16F7-4668-BE54-9A1E7A4F7556}") = "DeadLock", "DeadLock\DeadLock.csproj", "{88FAC655-22A6-40C5-8097-72D69C4F5007}"
EndProject
Project("{9A19103F-16F7-4668-BE54-9A1E7A4F7556}") = "ThreadPool", "ThreadPool\ThreadPool.csproj", "{C2FE9DEC-BE99-4CBD-92EF-37F47569F395}"
EndProject
Project("{9A19103F-16F7-4668-BE54-9A1E7A4F7556}") = "Monitor", "Monitor\Monitor.csproj", "{7100D7D1-37B3-45EB-826A-92E675E941EC}"
EndProject
Project("{9A19103F-16F7-4668-BE54-9A1E7A4F7556}") = "Monitor2", "Monitor2\Monitor2.csproj", "{5807226D-F932-4F1B-8520-F99124DA9843}"
EndProject
Project("{9A19103F-16F7-4668-BE54-9A1E7A4F7556}") = "MutexDemo", "MutexDemo\MutexDemo.csproj", "{D58D4404-D881-4560-A216-93F7366C22EB}"
EndProject
Project("{9A19103F-16F7-4668-BE54-9A1E7A4F7556}") = "SemaphoreDemo", "SemaphoreDemo\SemaphoreDemo.csproj", "{68129F88-38FF-4BE2-9B01-DC457ECEA3E3}"
EndProject
Project("{9A19103F-16F7-4668-BE54-9A1E7A4F7556}") = "WaitHandleDemo", "WaitHandleDemo\WaitHandleDemo.csproj", "{1922CC57-A37E-40C4-A63D-CB566434CAFB}"
EndProject
Project("{2150E333-8FDC-42A3-9474-1A3956D46DE8}") = "Tasks", "Tasks", "{63E00AA3-D3DA-4DD2-89F8-84C309D46798}"
EndProject
Project("{9A19103F-16F7-4668-BE54-9A1E7A4F7556}") = "Tasks101", "Tasks101\Tasks101.csproj", "{96969D5F-8CFE-4994-9313-E0BBBB46B44D}"
EndProject
Project("{9A19103F-16F7-4668-BE54-9A1E7A4F7556}") = "AsyncAwait", "AsyncAwait\AsyncAwait.csproj", "{AB2AD892-E478-431A-8EF3-6664BBBB16BB}"
EndProject
Project("{9A19103F-16F7-4668-BE54-9A1E7A4F7556}") = "StateMachine", "StateMachine\StateMachine.csproj", "{9EEE4374-56BE-4DEB-B7A5-127BBABC5281}"
EndProject
Project("{9A19103F-16F7-4668-BE54-9A1E7A4F7556}") = "TaskProblems", "TaskProblems\TaskProblems.csproj", "{F43656C5-12F2-46DD-9B3E-80C8114E6016}"
EndProject
Project("{9A19103F-16F7-4668-BE54-9A1E7A4F7556}") = "DataParallelism", "DataParallelism\DataParallelism.csproj", "{62F10B30-50F3-48E7-9F0B-C900CB31217A}"
EndProject
Project("{9A19103F-16F7-4668-BE54-9A1E7A4F7556}") = "TaskScheduler", "TaskScheduler\TaskScheduler.csproj", "{7EFE2176-D9FA-4272-B48F-946CFB0489E4}"
EndProject
Project("{9A19103F-16F7-4668-BE54-9A1E7A4F7556}") = "WaitAll", "WaitAll\WaitAll.csproj", "{1190106B-5009-42AD-9AA2-45D31C11A63B}"
EndProject
Project("{2150E333-8FDC-42A3-9474-1A3956D46DE8}") = "Debugging", "Debugging", "{78B09A05-1828-4E07-9CB4-9B06E1B737A1}"
EndProject
Project("{9A19103F-16F7-4668-BE54-9A1E7A4F7556}") = "CallerInfoAttributes", "..\CSharp-Tips-and-Tricks\Debugging\CallerInfoAttributes\CallerInfoAttributes.csproj", "{BCDE5F6B-0BE8-40BF-B3AA-9E5C5C668670}"
EndProject
Project("{9A19103F-16F7-4668-BE54-9A1E7A4F7556}") = "DebuggerVariableDisplay", "..\CSharp-Tips-and-Tricks\Debugging\DebuggerVariableDisplay\DebuggerVariableDisplay.csproj", "{3EAFE4F2-08E9-44A6-9E1B-6A2724A8C59D}"
EndProject
Project("{9A19103F-16F7-4668-BE54-9A1E7A4F7556}") = "PreprocessorSymbols", "..\CSharp-Tips-and-Tricks\Debugging\PreprocessorSymbols\PreprocessorSymbols.csproj", "{8675AAE1-0C97-4BBA-AAED-059E4BBED4A6}"
EndProject
Project("{2150E333-8FDC-42A3-9474-1A3956D46DE8}") = "OptionalParameters", "OptionalParameters", "{78956B6D-9DE8-48A1-82B5-F25B848896A1}"
EndProject
Project("{9A19103F-16F7-4668-BE54-9A1E7A4F7556}") = "OptionalParameters.Client", "..\CSharp-Tips-and-Tricks\OptionalParameters\OptionalParameters.Client\OptionalParameters.Client.csproj", "{EA03CCC2-D8A2-4ED7-94F5-AAC0C9AAA456}"
EndProject
Project("{9A19103F-16F7-4668-BE54-9A1E7A4F7556}") = "OptionalParameters.Library", "..\CSharp-Tips-and-Tricks\OptionalParameters\OptionalParameters.Library\OptionalParameters.Library.csproj", "{56A4A8FB-97B9-418E-ABB7-CA37D2194D39}"
EndProject
Project("{2150E333-8FDC-42A3-9474-1A3956D46DE8}") = "SyntacticSugar", "SyntacticSugar", "{D17E25F1-DB92-4695-8690-0091B63A2810}"
EndProject
Project("{9A19103F-16F7-4668-BE54-9A1E7A4F7556}") = "CastingVsAsOperator", "..\CSharp-Tips-and-Tricks\SyntacticSugar\CastingVsAsOperator\CastingVsAsOperator.csproj", "{767768A6-098A-4244-A33B-E4D2D27DAF93}"
EndProject
Project("{9A19103F-16F7-4668-BE54-9A1E7A4F7556}") = "CombinableEnumValues", "..\CSharp-Tips-and-Tricks\SyntacticSugar\CombinableEnumValues\CombinableEnumValues.csproj", "{2E6F3736-BC87-4366-8837-0DABF548D371}"
EndProject
Project("{9A19103F-16F7-4668-BE54-9A1E7A4F7556}") = "ConstrainingGenerics", "..\CSharp-Tips-and-Tricks\SyntacticSugar\ConstrainingGenerics\ConstrainingGenerics.csproj", "{5BC03D4E-D513-4FAC-882C-07C4F651A506}"
EndProject
Project("{9A19103F-16F7-4668-BE54-9A1E7A4F7556}") = "CovarianceAndContravariance", "..\CSharp-Tips-and-Tricks\SyntacticSugar\CovarianceAndContravariance\CovarianceAndContravariance.csproj", "{E498BF25-C428-4CBE-81D9-173BC0AA1BAD}"
EndProject
Project("{9A19103F-16F7-4668-BE54-9A1E7A4F7556}") = "Yield", "..\CSharp-Tips-and-Tricks\SyntacticSugar\Yield\Yield.csproj", "{8EDE26C9-1596-4BE5-BDAB-D0C3BAB30BB5}"
EndProject
Project("{2150E333-8FDC-42A3-9474-1A3956D46DE8}") = "Traps", "Traps", "{686634F3-F6E3-4E77-83C7-7B73B1364E07}"
EndProject
Project("{9A19103F-16F7-4668-BE54-9A1E7A4F7556}") = "ChangingHashCode", "..\CSharp-Tips-and-Tricks\Traps\ChangingHashCode\ChangingHashCode.csproj", "{90B16147-880A-48FC-BDE7-795B4961BE61}"
EndProject
Project("{9A19103F-16F7-4668-BE54-9A1E7A4F7556}") = "CompareStructs", "..\CSharp-Tips-and-Tricks\Traps\CompareStructs\CompareStructs.csproj", "{6E2ACCDA-10D0-42A8-826F-C1F6A0DFE617}"
EndProject
Project("{9A19103F-16F7-4668-BE54-9A1E7A4F7556}") = "ExceptionsInStaticConstructors", "..\CSharp-Tips-and-Tricks\Traps\ExceptionsInStaticConstructors\ExceptionsInStaticConstructors.csproj", "{2FE79B79-BCD0-4D60-B3FC-10A33FE2041D}"
EndProject
Project("{9A19103F-16F7-4668-BE54-9A1E7A4F7556}") = "LinqMultipleEnumeration", "..\CSharp-Tips-and-Tricks\Traps\LinqMultipleEnumeration\LinqMultipleEnumeration.csproj", "{CD98B022-CE9D-46EB-A81E-7FEEED346317}"
EndProject
Project("{9A19103F-16F7-4668-BE54-9A1E7A4F7556}") = "PreservingStacktraceWhenRethrowingExceptions", "..\CSharp-Tips-and-Tricks\Traps\PreservingStacktraceWhenRethrowingExceptions\PreservingStacktraceWhenRethrowingExceptions.csproj", "{C0FC42D1-5572-41EE-8E7E-151AEF846247}"
EndProject
Project("{9A19103F-16F7-4668-BE54-9A1E7A4F7556}") = "RandomNumbers", "..\CSharp-Tips-and-Tricks\Traps\RandomNumbers\RandomNumbers.csproj", "{56BBDD18-FD6E-45F5-A249-2951FD947560}"
EndProject
Project("{9A19103F-16F7-4668-BE54-9A1E7A4F7556}") = "References", "..\CSharp-Tips-and-Tricks\Traps\References\References.csproj", "{649E2BA1-8E4D-44F2-ACBB-0FD7727D417E}"
EndProject
Project("{9A19103F-16F7-4668-BE54-9A1E7A4F7556}") = "StringReferences", "..\CSharp-Tips-and-Tricks\Traps\StringReferences\StringReferences.csproj", "{91E692DF-16A2-4D25-86D6-4CB29C976F97}"
EndProject
Project("{9A19103F-16F7-4668-BE54-9A1E7A4F7556}") = "VirtualCallInConstructor", "..\CSharp-Tips-and-Tricks\Traps\VirtualCallInConstructor\VirtualCallInConstructor.csproj", "{41E8BC79-69EF-474F-BD9E-D98735E86D86}"
EndProject
Project("{2150E333-8FDC-42A3-9474-1A3956D46DE8}") = "UnitTesting", "UnitTesting", "{BF988ACA-5990-44BF-B917-0F648149F575}"
EndProject
Project("{9A19103F-16F7-4668-BE54-9A1E7A4F7556}") = "ExposeInternals", "..\CSharp-Tips-and-Tricks\UnitTesting\ExposeInternals\ExposeInternals.csproj", "{418B3528-705C-441C-8F64-3D04DFE8FFBF}"
EndProject
Project("{9A19103F-16F7-4668-BE54-9A1E7A4F7556}") = "ExposeInternals.Tests", "..\CSharp-Tips-and-Tricks\UnitTesting\ExposeInternals.Tests\ExposeInternals.Tests.csproj", "{42212508-B9F4-4129-B7AC-16B7981597F7}"
EndProject
Project("{2150E333-8FDC-42A3-9474-1A3956D46DE8}") = "UsefulClassesAndMethods", "UsefulClassesAndMethods", "{C97D8CB0-7EFB-4885-945B-A3F350105D36}"
EndProject
Project("{9A19103F-16F7-4668-BE54-9A1E7A4F7556}") = "CombineSequences", "..\CSharp-Tips-and-Tricks\UsefulClassesAndMethods\CombineSequences\CombineSequences.csproj", "{90E68F1A-A339-4BAF-A389-9CCF6E11FC7E}"
EndProject
Project("{9A19103F-16F7-4668-BE54-9A1E7A4F7556}") = "FileSystemWatcherClass", "..\CSharp-Tips-and-Tricks\UsefulClassesAndMethods\FileSystemWatcherClass\FileSystemWatcherClass.csproj", "{50B61C0F-5565-4799-94E0-CB3B45258F77}"
EndProject
Project("{9A19103F-16F7-4668-BE54-9A1E7A4F7556}") = "MethodDeprecation", "..\CSharp-Tips-and-Tricks\UsefulClassesAndMethods\MethodDeprecation\MethodDeprecation.csproj", "{BC4CCA27-4D6C-4A1A-81BD-8DC1495188A9}"
EndProject
Project("{9A19103F-16F7-4668-BE54-9A1E7A4F7556}") = "Tuples", "..\CSharp-Tips-and-Tricks\UsefulClassesAndMethods\Tuples\Tuples.csproj", "{FDCA6D26-095B-4452-BD43-CBB6DCD622BB}"
EndProject
Project("{2150E333-8FDC-42A3-9474-1A3956D46DE8}") = "Reflection", "Reflection", "{738CD892-E586-4A7F-93A1-5378BB8F02AE}"
EndProject
Project("{9A19103F-16F7-4668-BE54-9A1E7A4F7556}") = "01.LoadingAssemblies", "..\Reflection\01.LoadingAssemblies\01.LoadingAssemblies.csproj", "{009D2AA0-8053-4D4A-8438-0397FFC372EA}"
EndProject
Project("{9A19103F-16F7-4668-BE54-9A1E7A4F7556}") = "01.LoadingAssemblies.Extension", "..\Reflection\01.LoadingAssemblies.Extension\01.LoadingAssemblies.Extension.csproj", "{73BB5401-0AAA-4EF4-8911-D7B16655C455}"
EndProject
Project("{9A19103F-16F7-4668-BE54-9A1E7A4F7556}") = "02.SystemTypeMethods", "..\Reflection\02.SystemTypeMethods\02.SystemTypeMethods.csproj", "{9C860A54-0467-47F0-956B-2DFFE5BC9805}"
EndProject
Project("{9A19103F-16F7-4668-BE54-9A1E7A4F7556}") = "03.InstancesAndInvocations", "..\Reflection\03.InstancesAndInvocations\03.InstancesAndInvocations.csproj", "{BADFE601-EB58-49E3-BA51-5E8919B4E1FB}"
EndProject
Project("{9A19103F-16F7-4668-BE54-9A1E7A4F7556}") = "04.Generics", "..\Reflection\04.Generics\04.Generics.csproj", "{D2544D01-273F-45EB-A5A8-3DC5ADA0E748}"
EndProject
Project("{9A19103F-16F7-4668-BE54-9A1E7A4F7556}") = "05.ReflectionEmit", "..\Reflection\05.ReflectionEmit\05.ReflectionEmit.csproj", "{5F01DCB2-D740-4DD2-B577-81ABC19C6606}"
EndProject
Project("{9A19103F-16F7-4668-BE54-9A1E7A4F7556}") = "06.ViewEngine", "..\Reflection\06.ViewEngine\06.ViewEngine.csproj", "{092AEAC7-D144-4470-B132-3B550096E4E1}"
EndProject
Project("{9A19103F-16F7-4668-BE54-9A1E7A4F7556}") = "07.MonoCecil", "..\Reflection\07.MonoCecil\07.MonoCecil.csproj", "{80A14E17-DED9-40EE-9A60-0130FC0364AB}"
EndProject
Project("{9A19103F-16F7-4668-BE54-9A1E7A4F7556}") = "08.ListExam", "Exam\08.ListExam.csproj", "{103436A5-91A6-4849-B73C-993B541D82E1}"
EndProject
Project("{2150E333-8FDC-42A3-9474-1A3956D46DE8}") = "01Exam", "01Exam", "{7817EB3B-DE0A-45A6-BC3B-ACDEB4963A9F}"
EndProject
Project("{9A19103F-16F7-4668-BE54-9A1E7A4F7556}") = "Calculator.Tests", "..\MasterExam\01.CTF.Framework\Calculator.Tests\Calculator.Tests.csproj", "{5341C862-A05D-4BE8-80EE-40D95CA9BC49}"
EndProject
Project("{2150E333-8FDC-42A3-9474-1A3956D46DE8}") = "01.CTF.Framework", "01.CTF.Framework", "{3B79E79F-C7B8-4D60-BC9B-76906FF3FCFE}"
EndProject
Project("{9A19103F-16F7-4668-BE54-9A1E7A4F7556}") = "ConsoleApp", "..\MasterExam\01.CTF.Framework\ConsoleApp\ConsoleApp.csproj", "{7DB16BBB-C9D2-4D42-89AB-7A66127BF711}"
EndProject
Project("{9A19103F-16F7-4668-BE54-9A1E7A4F7556}") = "CTF.Framework", "..\MasterExam\01.CTF.Framework\CTF.Framework\CTF.Framework.csproj", "{1046D663-2105-4DF8-A703-75DFFE6986F0}"
EndProject
Project("{2150E333-8FDC-42A3-9474-1A3956D46DE8}") = "02.AsyncWantToBe", "02.AsyncWantToBe", "{FE563375-E3C5-4FEE-82B3-52CDB9717B0D}"
EndProject
Project("{9A19103F-16F7-4668-BE54-9A1E7A4F7556}") = "MyCustomHttpServer", "..\MasterExam\02.AsyncWantToBe\MyCustomHttpServer\MyCustomHttpServer.csproj", "{5B74C079-3E02-4B73-B292-DB7B898DE3B6}"
EndProject
Project("{2150E333-8FDC-42A3-9474-1A3956D46DE8}") = "03.PrivateObject", "03.PrivateObject", "{2AB0E0D2-ECA4-4A34-B5F6-39A15DF8AE67}"
EndProject
Project("{9A19103F-16F7-4668-BE54-9A1E7A4F7556}") = "DeprecatedClass", "..\MasterExam\03.PrivateObject\DeprecatedClass\DeprecatedClass.csproj", "{44F20B75-8743-4F67-9A6A-D22D901BF2A6}"
EndProject
Project("{2150E333-8FDC-42A3-9474-1A3956D46DE8}") = "IOProvider", "IOProvider", "{57D77D9A-C733-4B59-BD08-3D49D9AA3AED}"
EndProject
Project("{9A19103F-16F7-4668-BE54-9A1E7A4F7556}") = "DWAsync", "..\MasterExam\IOProvider\DWAsync.csproj", "{7818193A-6813-4187-8EE1-BD9394ECE4AF}"
EndProject
Global
	GlobalSection(SolutionConfigurationPlatforms) = preSolution
		Debug|Any CPU = Debug|Any CPU
		Debug|x64 = Debug|x64
		Debug|x86 = Debug|x86
		Release|Any CPU = Release|Any CPU
		Release|x64 = Release|x64
		Release|x86 = Release|x86
	EndGlobalSection
	GlobalSection(ProjectConfigurationPlatforms) = postSolution
		{950A3B02-2622-4832-B507-568637086450}.Debug|Any CPU.ActiveCfg = Debug|Any CPU
		{950A3B02-2622-4832-B507-568637086450}.Debug|Any CPU.Build.0 = Debug|Any CPU
		{950A3B02-2622-4832-B507-568637086450}.Debug|x64.ActiveCfg = Debug|Any CPU
		{950A3B02-2622-4832-B507-568637086450}.Debug|x64.Build.0 = Debug|Any CPU
		{950A3B02-2622-4832-B507-568637086450}.Debug|x86.ActiveCfg = Debug|Any CPU
		{950A3B02-2622-4832-B507-568637086450}.Debug|x86.Build.0 = Debug|Any CPU
		{950A3B02-2622-4832-B507-568637086450}.Release|Any CPU.ActiveCfg = Release|Any CPU
		{950A3B02-2622-4832-B507-568637086450}.Release|Any CPU.Build.0 = Release|Any CPU
		{950A3B02-2622-4832-B507-568637086450}.Release|x64.ActiveCfg = Release|Any CPU
		{950A3B02-2622-4832-B507-568637086450}.Release|x64.Build.0 = Release|Any CPU
		{950A3B02-2622-4832-B507-568637086450}.Release|x86.ActiveCfg = Release|Any CPU
		{950A3B02-2622-4832-B507-568637086450}.Release|x86.Build.0 = Release|Any CPU
		{7CBC1430-E7C7-443C-8E90-19AEC4DF30F0}.Debug|Any CPU.ActiveCfg = Debug|Any CPU
		{7CBC1430-E7C7-443C-8E90-19AEC4DF30F0}.Debug|Any CPU.Build.0 = Debug|Any CPU
		{7CBC1430-E7C7-443C-8E90-19AEC4DF30F0}.Debug|x64.ActiveCfg = Debug|Any CPU
		{7CBC1430-E7C7-443C-8E90-19AEC4DF30F0}.Debug|x64.Build.0 = Debug|Any CPU
		{7CBC1430-E7C7-443C-8E90-19AEC4DF30F0}.Debug|x86.ActiveCfg = Debug|Any CPU
		{7CBC1430-E7C7-443C-8E90-19AEC4DF30F0}.Debug|x86.Build.0 = Debug|Any CPU
		{7CBC1430-E7C7-443C-8E90-19AEC4DF30F0}.Release|Any CPU.ActiveCfg = Release|Any CPU
		{7CBC1430-E7C7-443C-8E90-19AEC4DF30F0}.Release|Any CPU.Build.0 = Release|Any CPU
		{7CBC1430-E7C7-443C-8E90-19AEC4DF30F0}.Release|x64.ActiveCfg = Release|Any CPU
		{7CBC1430-E7C7-443C-8E90-19AEC4DF30F0}.Release|x64.Build.0 = Release|Any CPU
		{7CBC1430-E7C7-443C-8E90-19AEC4DF30F0}.Release|x86.ActiveCfg = Release|Any CPU
		{7CBC1430-E7C7-443C-8E90-19AEC4DF30F0}.Release|x86.Build.0 = Release|Any CPU
		{9A9FFFB3-44C0-4C89-AFC4-9633546FCA25}.Debug|Any CPU.ActiveCfg = Debug|Any CPU
		{9A9FFFB3-44C0-4C89-AFC4-9633546FCA25}.Debug|Any CPU.Build.0 = Debug|Any CPU
		{9A9FFFB3-44C0-4C89-AFC4-9633546FCA25}.Debug|x64.ActiveCfg = Debug|Any CPU
		{9A9FFFB3-44C0-4C89-AFC4-9633546FCA25}.Debug|x64.Build.0 = Debug|Any CPU
		{9A9FFFB3-44C0-4C89-AFC4-9633546FCA25}.Debug|x86.ActiveCfg = Debug|Any CPU
		{9A9FFFB3-44C0-4C89-AFC4-9633546FCA25}.Debug|x86.Build.0 = Debug|Any CPU
		{9A9FFFB3-44C0-4C89-AFC4-9633546FCA25}.Release|Any CPU.ActiveCfg = Release|Any CPU
		{9A9FFFB3-44C0-4C89-AFC4-9633546FCA25}.Release|Any CPU.Build.0 = Release|Any CPU
		{9A9FFFB3-44C0-4C89-AFC4-9633546FCA25}.Release|x64.ActiveCfg = Release|Any CPU
		{9A9FFFB3-44C0-4C89-AFC4-9633546FCA25}.Release|x64.Build.0 = Release|Any CPU
		{9A9FFFB3-44C0-4C89-AFC4-9633546FCA25}.Release|x86.ActiveCfg = Release|Any CPU
		{9A9FFFB3-44C0-4C89-AFC4-9633546FCA25}.Release|x86.Build.0 = Release|Any CPU
		{7372A8F5-149C-4D3D-BE21-60C561B9C5D8}.Debug|Any CPU.ActiveCfg = Debug|Any CPU
		{7372A8F5-149C-4D3D-BE21-60C561B9C5D8}.Debug|Any CPU.Build.0 = Debug|Any CPU
		{7372A8F5-149C-4D3D-BE21-60C561B9C5D8}.Debug|x64.ActiveCfg = Debug|Any CPU
		{7372A8F5-149C-4D3D-BE21-60C561B9C5D8}.Debug|x64.Build.0 = Debug|Any CPU
		{7372A8F5-149C-4D3D-BE21-60C561B9C5D8}.Debug|x86.ActiveCfg = Debug|Any CPU
		{7372A8F5-149C-4D3D-BE21-60C561B9C5D8}.Debug|x86.Build.0 = Debug|Any CPU
		{7372A8F5-149C-4D3D-BE21-60C561B9C5D8}.Release|Any CPU.ActiveCfg = Release|Any CPU
		{7372A8F5-149C-4D3D-BE21-60C561B9C5D8}.Release|Any CPU.Build.0 = Release|Any CPU
		{7372A8F5-149C-4D3D-BE21-60C561B9C5D8}.Release|x64.ActiveCfg = Release|Any CPU
		{7372A8F5-149C-4D3D-BE21-60C561B9C5D8}.Release|x64.Build.0 = Release|Any CPU
		{7372A8F5-149C-4D3D-BE21-60C561B9C5D8}.Release|x86.ActiveCfg = Release|Any CPU
		{7372A8F5-149C-4D3D-BE21-60C561B9C5D8}.Release|x86.Build.0 = Release|Any CPU
		{16CD3924-BE77-4949-86B2-22F8F691E78D}.Debug|Any CPU.ActiveCfg = Debug|Any CPU
		{16CD3924-BE77-4949-86B2-22F8F691E78D}.Debug|Any CPU.Build.0 = Debug|Any CPU
		{16CD3924-BE77-4949-86B2-22F8F691E78D}.Debug|x64.ActiveCfg = Debug|Any CPU
		{16CD3924-BE77-4949-86B2-22F8F691E78D}.Debug|x64.Build.0 = Debug|Any CPU
		{16CD3924-BE77-4949-86B2-22F8F691E78D}.Debug|x86.ActiveCfg = Debug|Any CPU
		{16CD3924-BE77-4949-86B2-22F8F691E78D}.Debug|x86.Build.0 = Debug|Any CPU
		{16CD3924-BE77-4949-86B2-22F8F691E78D}.Release|Any CPU.ActiveCfg = Release|Any CPU
		{16CD3924-BE77-4949-86B2-22F8F691E78D}.Release|Any CPU.Build.0 = Release|Any CPU
		{16CD3924-BE77-4949-86B2-22F8F691E78D}.Release|x64.ActiveCfg = Release|Any CPU
		{16CD3924-BE77-4949-86B2-22F8F691E78D}.Release|x64.Build.0 = Release|Any CPU
		{16CD3924-BE77-4949-86B2-22F8F691E78D}.Release|x86.ActiveCfg = Release|Any CPU
		{16CD3924-BE77-4949-86B2-22F8F691E78D}.Release|x86.Build.0 = Release|Any CPU
		{048AD1FF-EF97-478A-93C3-902546D32ABE}.Debug|Any CPU.ActiveCfg = Debug|Any CPU
		{048AD1FF-EF97-478A-93C3-902546D32ABE}.Debug|Any CPU.Build.0 = Debug|Any CPU
		{048AD1FF-EF97-478A-93C3-902546D32ABE}.Debug|x64.ActiveCfg = Debug|Any CPU
		{048AD1FF-EF97-478A-93C3-902546D32ABE}.Debug|x64.Build.0 = Debug|Any CPU
		{048AD1FF-EF97-478A-93C3-902546D32ABE}.Debug|x86.ActiveCfg = Debug|Any CPU
		{048AD1FF-EF97-478A-93C3-902546D32ABE}.Debug|x86.Build.0 = Debug|Any CPU
		{048AD1FF-EF97-478A-93C3-902546D32ABE}.Release|Any CPU.ActiveCfg = Release|Any CPU
		{048AD1FF-EF97-478A-93C3-902546D32ABE}.Release|Any CPU.Build.0 = Release|Any CPU
		{048AD1FF-EF97-478A-93C3-902546D32ABE}.Release|x64.ActiveCfg = Release|Any CPU
		{048AD1FF-EF97-478A-93C3-902546D32ABE}.Release|x64.Build.0 = Release|Any CPU
		{048AD1FF-EF97-478A-93C3-902546D32ABE}.Release|x86.ActiveCfg = Release|Any CPU
		{048AD1FF-EF97-478A-93C3-902546D32ABE}.Release|x86.Build.0 = Release|Any CPU
		{EEE6A039-68E3-49D2-AC22-518B3E80081F}.Debug|Any CPU.ActiveCfg = Debug|Any CPU
		{EEE6A039-68E3-49D2-AC22-518B3E80081F}.Debug|Any CPU.Build.0 = Debug|Any CPU
		{EEE6A039-68E3-49D2-AC22-518B3E80081F}.Debug|x64.ActiveCfg = Debug|Any CPU
		{EEE6A039-68E3-49D2-AC22-518B3E80081F}.Debug|x64.Build.0 = Debug|Any CPU
		{EEE6A039-68E3-49D2-AC22-518B3E80081F}.Debug|x86.ActiveCfg = Debug|Any CPU
		{EEE6A039-68E3-49D2-AC22-518B3E80081F}.Debug|x86.Build.0 = Debug|Any CPU
		{EEE6A039-68E3-49D2-AC22-518B3E80081F}.Release|Any CPU.ActiveCfg = Release|Any CPU
		{EEE6A039-68E3-49D2-AC22-518B3E80081F}.Release|Any CPU.Build.0 = Release|Any CPU
		{EEE6A039-68E3-49D2-AC22-518B3E80081F}.Release|x64.ActiveCfg = Release|Any CPU
		{EEE6A039-68E3-49D2-AC22-518B3E80081F}.Release|x64.Build.0 = Release|Any CPU
		{EEE6A039-68E3-49D2-AC22-518B3E80081F}.Release|x86.ActiveCfg = Release|Any CPU
		{EEE6A039-68E3-49D2-AC22-518B3E80081F}.Release|x86.Build.0 = Release|Any CPU
		{75A8EA73-D510-4793-8F07-73AF0CF4A4FF}.Debug|Any CPU.ActiveCfg = Debug|Any CPU
		{75A8EA73-D510-4793-8F07-73AF0CF4A4FF}.Debug|Any CPU.Build.0 = Debug|Any CPU
		{75A8EA73-D510-4793-8F07-73AF0CF4A4FF}.Debug|x64.ActiveCfg = Debug|Any CPU
		{75A8EA73-D510-4793-8F07-73AF0CF4A4FF}.Debug|x64.Build.0 = Debug|Any CPU
		{75A8EA73-D510-4793-8F07-73AF0CF4A4FF}.Debug|x86.ActiveCfg = Debug|Any CPU
		{75A8EA73-D510-4793-8F07-73AF0CF4A4FF}.Debug|x86.Build.0 = Debug|Any CPU
		{75A8EA73-D510-4793-8F07-73AF0CF4A4FF}.Release|Any CPU.ActiveCfg = Release|Any CPU
		{75A8EA73-D510-4793-8F07-73AF0CF4A4FF}.Release|Any CPU.Build.0 = Release|Any CPU
		{75A8EA73-D510-4793-8F07-73AF0CF4A4FF}.Release|x64.ActiveCfg = Release|Any CPU
		{75A8EA73-D510-4793-8F07-73AF0CF4A4FF}.Release|x64.Build.0 = Release|Any CPU
		{75A8EA73-D510-4793-8F07-73AF0CF4A4FF}.Release|x86.ActiveCfg = Release|Any CPU
		{75A8EA73-D510-4793-8F07-73AF0CF4A4FF}.Release|x86.Build.0 = Release|Any CPU
		{E4D4D98B-E3BC-45CA-9402-4CCC2E2B4279}.Debug|Any CPU.ActiveCfg = Debug|Win32
		{E4D4D98B-E3BC-45CA-9402-4CCC2E2B4279}.Debug|x64.ActiveCfg = Debug|x64
		{E4D4D98B-E3BC-45CA-9402-4CCC2E2B4279}.Debug|x64.Build.0 = Debug|x64
		{E4D4D98B-E3BC-45CA-9402-4CCC2E2B4279}.Debug|x86.ActiveCfg = Debug|Win32
		{E4D4D98B-E3BC-45CA-9402-4CCC2E2B4279}.Debug|x86.Build.0 = Debug|Win32
		{E4D4D98B-E3BC-45CA-9402-4CCC2E2B4279}.Release|Any CPU.ActiveCfg = Release|Win32
		{E4D4D98B-E3BC-45CA-9402-4CCC2E2B4279}.Release|x64.ActiveCfg = Release|x64
		{E4D4D98B-E3BC-45CA-9402-4CCC2E2B4279}.Release|x64.Build.0 = Release|x64
		{E4D4D98B-E3BC-45CA-9402-4CCC2E2B4279}.Release|x86.ActiveCfg = Release|Win32
		{E4D4D98B-E3BC-45CA-9402-4CCC2E2B4279}.Release|x86.Build.0 = Release|Win32
		{8E3F53E9-67E2-4851-B8FB-2971448F8D68}.Debug|Any CPU.ActiveCfg = Debug|Any CPU
		{8E3F53E9-67E2-4851-B8FB-2971448F8D68}.Debug|Any CPU.Build.0 = Debug|Any CPU
		{8E3F53E9-67E2-4851-B8FB-2971448F8D68}.Debug|x64.ActiveCfg = Debug|Any CPU
		{8E3F53E9-67E2-4851-B8FB-2971448F8D68}.Debug|x64.Build.0 = Debug|Any CPU
		{8E3F53E9-67E2-4851-B8FB-2971448F8D68}.Debug|x86.ActiveCfg = Debug|Any CPU
		{8E3F53E9-67E2-4851-B8FB-2971448F8D68}.Debug|x86.Build.0 = Debug|Any CPU
		{8E3F53E9-67E2-4851-B8FB-2971448F8D68}.Release|Any CPU.ActiveCfg = Release|Any CPU
		{8E3F53E9-67E2-4851-B8FB-2971448F8D68}.Release|Any CPU.Build.0 = Release|Any CPU
		{8E3F53E9-67E2-4851-B8FB-2971448F8D68}.Release|x64.ActiveCfg = Release|Any CPU
		{8E3F53E9-67E2-4851-B8FB-2971448F8D68}.Release|x64.Build.0 = Release|Any CPU
		{8E3F53E9-67E2-4851-B8FB-2971448F8D68}.Release|x86.ActiveCfg = Release|Any CPU
		{8E3F53E9-67E2-4851-B8FB-2971448F8D68}.Release|x86.Build.0 = Release|Any CPU
		{FC7F8A7D-8BD3-4182-B8C8-2FF09816B5D6}.Debug|Any CPU.ActiveCfg = Debug|Any CPU
		{FC7F8A7D-8BD3-4182-B8C8-2FF09816B5D6}.Debug|Any CPU.Build.0 = Debug|Any CPU
		{FC7F8A7D-8BD3-4182-B8C8-2FF09816B5D6}.Debug|x64.ActiveCfg = Debug|Any CPU
		{FC7F8A7D-8BD3-4182-B8C8-2FF09816B5D6}.Debug|x64.Build.0 = Debug|Any CPU
		{FC7F8A7D-8BD3-4182-B8C8-2FF09816B5D6}.Debug|x86.ActiveCfg = Debug|Any CPU
		{FC7F8A7D-8BD3-4182-B8C8-2FF09816B5D6}.Debug|x86.Build.0 = Debug|Any CPU
		{FC7F8A7D-8BD3-4182-B8C8-2FF09816B5D6}.Release|Any CPU.ActiveCfg = Release|Any CPU
		{FC7F8A7D-8BD3-4182-B8C8-2FF09816B5D6}.Release|Any CPU.Build.0 = Release|Any CPU
		{FC7F8A7D-8BD3-4182-B8C8-2FF09816B5D6}.Release|x64.ActiveCfg = Release|Any CPU
		{FC7F8A7D-8BD3-4182-B8C8-2FF09816B5D6}.Release|x64.Build.0 = Release|Any CPU
		{FC7F8A7D-8BD3-4182-B8C8-2FF09816B5D6}.Release|x86.ActiveCfg = Release|Any CPU
		{FC7F8A7D-8BD3-4182-B8C8-2FF09816B5D6}.Release|x86.Build.0 = Release|Any CPU
		{E6106290-CD35-4E21-B5E1-61F5940ABCD4}.Debug|Any CPU.ActiveCfg = Debug|Any CPU
		{E6106290-CD35-4E21-B5E1-61F5940ABCD4}.Debug|Any CPU.Build.0 = Debug|Any CPU
		{E6106290-CD35-4E21-B5E1-61F5940ABCD4}.Debug|x64.ActiveCfg = Debug|Any CPU
		{E6106290-CD35-4E21-B5E1-61F5940ABCD4}.Debug|x64.Build.0 = Debug|Any CPU
		{E6106290-CD35-4E21-B5E1-61F5940ABCD4}.Debug|x86.ActiveCfg = Debug|Any CPU
		{E6106290-CD35-4E21-B5E1-61F5940ABCD4}.Debug|x86.Build.0 = Debug|Any CPU
		{E6106290-CD35-4E21-B5E1-61F5940ABCD4}.Release|Any CPU.ActiveCfg = Release|Any CPU
		{E6106290-CD35-4E21-B5E1-61F5940ABCD4}.Release|Any CPU.Build.0 = Release|Any CPU
		{E6106290-CD35-4E21-B5E1-61F5940ABCD4}.Release|x64.ActiveCfg = Release|Any CPU
		{E6106290-CD35-4E21-B5E1-61F5940ABCD4}.Release|x64.Build.0 = Release|Any CPU
		{E6106290-CD35-4E21-B5E1-61F5940ABCD4}.Release|x86.ActiveCfg = Release|Any CPU
		{E6106290-CD35-4E21-B5E1-61F5940ABCD4}.Release|x86.Build.0 = Release|Any CPU
		{0A2EF0CB-F76C-4CD7-B407-A6DA80044552}.Debug|Any CPU.ActiveCfg = Debug|Any CPU
		{0A2EF0CB-F76C-4CD7-B407-A6DA80044552}.Debug|Any CPU.Build.0 = Debug|Any CPU
		{0A2EF0CB-F76C-4CD7-B407-A6DA80044552}.Debug|x64.ActiveCfg = Debug|Any CPU
		{0A2EF0CB-F76C-4CD7-B407-A6DA80044552}.Debug|x64.Build.0 = Debug|Any CPU
		{0A2EF0CB-F76C-4CD7-B407-A6DA80044552}.Debug|x86.ActiveCfg = Debug|Any CPU
		{0A2EF0CB-F76C-4CD7-B407-A6DA80044552}.Debug|x86.Build.0 = Debug|Any CPU
		{0A2EF0CB-F76C-4CD7-B407-A6DA80044552}.Release|Any CPU.ActiveCfg = Release|Any CPU
		{0A2EF0CB-F76C-4CD7-B407-A6DA80044552}.Release|Any CPU.Build.0 = Release|Any CPU
		{0A2EF0CB-F76C-4CD7-B407-A6DA80044552}.Release|x64.ActiveCfg = Release|Any CPU
		{0A2EF0CB-F76C-4CD7-B407-A6DA80044552}.Release|x64.Build.0 = Release|Any CPU
		{0A2EF0CB-F76C-4CD7-B407-A6DA80044552}.Release|x86.ActiveCfg = Release|Any CPU
		{0A2EF0CB-F76C-4CD7-B407-A6DA80044552}.Release|x86.Build.0 = Release|Any CPU
		{9A18B30A-DC4E-46AE-B9E3-C48B6E4E73EB}.Debug|Any CPU.ActiveCfg = Debug|Any CPU
		{9A18B30A-DC4E-46AE-B9E3-C48B6E4E73EB}.Debug|Any CPU.Build.0 = Debug|Any CPU
		{9A18B30A-DC4E-46AE-B9E3-C48B6E4E73EB}.Debug|x64.ActiveCfg = Debug|Any CPU
		{9A18B30A-DC4E-46AE-B9E3-C48B6E4E73EB}.Debug|x64.Build.0 = Debug|Any CPU
		{9A18B30A-DC4E-46AE-B9E3-C48B6E4E73EB}.Debug|x86.ActiveCfg = Debug|Any CPU
		{9A18B30A-DC4E-46AE-B9E3-C48B6E4E73EB}.Debug|x86.Build.0 = Debug|Any CPU
		{9A18B30A-DC4E-46AE-B9E3-C48B6E4E73EB}.Release|Any CPU.ActiveCfg = Release|Any CPU
		{9A18B30A-DC4E-46AE-B9E3-C48B6E4E73EB}.Release|Any CPU.Build.0 = Release|Any CPU
		{9A18B30A-DC4E-46AE-B9E3-C48B6E4E73EB}.Release|x64.ActiveCfg = Release|Any CPU
		{9A18B30A-DC4E-46AE-B9E3-C48B6E4E73EB}.Release|x64.Build.0 = Release|Any CPU
		{9A18B30A-DC4E-46AE-B9E3-C48B6E4E73EB}.Release|x86.ActiveCfg = Release|Any CPU
		{9A18B30A-DC4E-46AE-B9E3-C48B6E4E73EB}.Release|x86.Build.0 = Release|Any CPU
		{D1DDBA59-32DD-4ED2-B15C-1FF98D1B89F3}.Debug|Any CPU.ActiveCfg = Debug|Any CPU
		{D1DDBA59-32DD-4ED2-B15C-1FF98D1B89F3}.Debug|Any CPU.Build.0 = Debug|Any CPU
		{D1DDBA59-32DD-4ED2-B15C-1FF98D1B89F3}.Debug|x64.ActiveCfg = Debug|Any CPU
		{D1DDBA59-32DD-4ED2-B15C-1FF98D1B89F3}.Debug|x64.Build.0 = Debug|Any CPU
		{D1DDBA59-32DD-4ED2-B15C-1FF98D1B89F3}.Debug|x86.ActiveCfg = Debug|Any CPU
		{D1DDBA59-32DD-4ED2-B15C-1FF98D1B89F3}.Debug|x86.Build.0 = Debug|Any CPU
		{D1DDBA59-32DD-4ED2-B15C-1FF98D1B89F3}.Release|Any CPU.ActiveCfg = Release|Any CPU
		{D1DDBA59-32DD-4ED2-B15C-1FF98D1B89F3}.Release|Any CPU.Build.0 = Release|Any CPU
		{D1DDBA59-32DD-4ED2-B15C-1FF98D1B89F3}.Release|x64.ActiveCfg = Release|Any CPU
		{D1DDBA59-32DD-4ED2-B15C-1FF98D1B89F3}.Release|x64.Build.0 = Release|Any CPU
		{D1DDBA59-32DD-4ED2-B15C-1FF98D1B89F3}.Release|x86.ActiveCfg = Release|Any CPU
		{D1DDBA59-32DD-4ED2-B15C-1FF98D1B89F3}.Release|x86.Build.0 = Release|Any CPU
		{88FAC655-22A6-40C5-8097-72D69C4F5007}.Debug|Any CPU.ActiveCfg = Debug|Any CPU
		{88FAC655-22A6-40C5-8097-72D69C4F5007}.Debug|Any CPU.Build.0 = Debug|Any CPU
		{88FAC655-22A6-40C5-8097-72D69C4F5007}.Debug|x64.ActiveCfg = Debug|Any CPU
		{88FAC655-22A6-40C5-8097-72D69C4F5007}.Debug|x64.Build.0 = Debug|Any CPU
		{88FAC655-22A6-40C5-8097-72D69C4F5007}.Debug|x86.ActiveCfg = Debug|Any CPU
		{88FAC655-22A6-40C5-8097-72D69C4F5007}.Debug|x86.Build.0 = Debug|Any CPU
		{88FAC655-22A6-40C5-8097-72D69C4F5007}.Release|Any CPU.ActiveCfg = Release|Any CPU
		{88FAC655-22A6-40C5-8097-72D69C4F5007}.Release|Any CPU.Build.0 = Release|Any CPU
		{88FAC655-22A6-40C5-8097-72D69C4F5007}.Release|x64.ActiveCfg = Release|Any CPU
		{88FAC655-22A6-40C5-8097-72D69C4F5007}.Release|x64.Build.0 = Release|Any CPU
		{88FAC655-22A6-40C5-8097-72D69C4F5007}.Release|x86.ActiveCfg = Release|Any CPU
		{88FAC655-22A6-40C5-8097-72D69C4F5007}.Release|x86.Build.0 = Release|Any CPU
		{C2FE9DEC-BE99-4CBD-92EF-37F47569F395}.Debug|Any CPU.ActiveCfg = Debug|Any CPU
		{C2FE9DEC-BE99-4CBD-92EF-37F47569F395}.Debug|Any CPU.Build.0 = Debug|Any CPU
		{C2FE9DEC-BE99-4CBD-92EF-37F47569F395}.Debug|x64.ActiveCfg = Debug|Any CPU
		{C2FE9DEC-BE99-4CBD-92EF-37F47569F395}.Debug|x64.Build.0 = Debug|Any CPU
		{C2FE9DEC-BE99-4CBD-92EF-37F47569F395}.Debug|x86.ActiveCfg = Debug|Any CPU
		{C2FE9DEC-BE99-4CBD-92EF-37F47569F395}.Debug|x86.Build.0 = Debug|Any CPU
		{C2FE9DEC-BE99-4CBD-92EF-37F47569F395}.Release|Any CPU.ActiveCfg = Release|Any CPU
		{C2FE9DEC-BE99-4CBD-92EF-37F47569F395}.Release|Any CPU.Build.0 = Release|Any CPU
		{C2FE9DEC-BE99-4CBD-92EF-37F47569F395}.Release|x64.ActiveCfg = Release|Any CPU
		{C2FE9DEC-BE99-4CBD-92EF-37F47569F395}.Release|x64.Build.0 = Release|Any CPU
		{C2FE9DEC-BE99-4CBD-92EF-37F47569F395}.Release|x86.ActiveCfg = Release|Any CPU
		{C2FE9DEC-BE99-4CBD-92EF-37F47569F395}.Release|x86.Build.0 = Release|Any CPU
		{7100D7D1-37B3-45EB-826A-92E675E941EC}.Debug|Any CPU.ActiveCfg = Debug|Any CPU
		{7100D7D1-37B3-45EB-826A-92E675E941EC}.Debug|Any CPU.Build.0 = Debug|Any CPU
		{7100D7D1-37B3-45EB-826A-92E675E941EC}.Debug|x64.ActiveCfg = Debug|Any CPU
		{7100D7D1-37B3-45EB-826A-92E675E941EC}.Debug|x64.Build.0 = Debug|Any CPU
		{7100D7D1-37B3-45EB-826A-92E675E941EC}.Debug|x86.ActiveCfg = Debug|Any CPU
		{7100D7D1-37B3-45EB-826A-92E675E941EC}.Debug|x86.Build.0 = Debug|Any CPU
		{7100D7D1-37B3-45EB-826A-92E675E941EC}.Release|Any CPU.ActiveCfg = Release|Any CPU
		{7100D7D1-37B3-45EB-826A-92E675E941EC}.Release|Any CPU.Build.0 = Release|Any CPU
		{7100D7D1-37B3-45EB-826A-92E675E941EC}.Release|x64.ActiveCfg = Release|Any CPU
		{7100D7D1-37B3-45EB-826A-92E675E941EC}.Release|x64.Build.0 = Release|Any CPU
		{7100D7D1-37B3-45EB-826A-92E675E941EC}.Release|x86.ActiveCfg = Release|Any CPU
		{7100D7D1-37B3-45EB-826A-92E675E941EC}.Release|x86.Build.0 = Release|Any CPU
		{5807226D-F932-4F1B-8520-F99124DA9843}.Debug|Any CPU.ActiveCfg = Debug|Any CPU
		{5807226D-F932-4F1B-8520-F99124DA9843}.Debug|Any CPU.Build.0 = Debug|Any CPU
		{5807226D-F932-4F1B-8520-F99124DA9843}.Debug|x64.ActiveCfg = Debug|Any CPU
		{5807226D-F932-4F1B-8520-F99124DA9843}.Debug|x64.Build.0 = Debug|Any CPU
		{5807226D-F932-4F1B-8520-F99124DA9843}.Debug|x86.ActiveCfg = Debug|Any CPU
		{5807226D-F932-4F1B-8520-F99124DA9843}.Debug|x86.Build.0 = Debug|Any CPU
		{5807226D-F932-4F1B-8520-F99124DA9843}.Release|Any CPU.ActiveCfg = Release|Any CPU
		{5807226D-F932-4F1B-8520-F99124DA9843}.Release|Any CPU.Build.0 = Release|Any CPU
		{5807226D-F932-4F1B-8520-F99124DA9843}.Release|x64.ActiveCfg = Release|Any CPU
		{5807226D-F932-4F1B-8520-F99124DA9843}.Release|x64.Build.0 = Release|Any CPU
		{5807226D-F932-4F1B-8520-F99124DA9843}.Release|x86.ActiveCfg = Release|Any CPU
		{5807226D-F932-4F1B-8520-F99124DA9843}.Release|x86.Build.0 = Release|Any CPU
		{D58D4404-D881-4560-A216-93F7366C22EB}.Debug|Any CPU.ActiveCfg = Debug|Any CPU
		{D58D4404-D881-4560-A216-93F7366C22EB}.Debug|Any CPU.Build.0 = Debug|Any CPU
		{D58D4404-D881-4560-A216-93F7366C22EB}.Debug|x64.ActiveCfg = Debug|Any CPU
		{D58D4404-D881-4560-A216-93F7366C22EB}.Debug|x64.Build.0 = Debug|Any CPU
		{D58D4404-D881-4560-A216-93F7366C22EB}.Debug|x86.ActiveCfg = Debug|Any CPU
		{D58D4404-D881-4560-A216-93F7366C22EB}.Debug|x86.Build.0 = Debug|Any CPU
		{D58D4404-D881-4560-A216-93F7366C22EB}.Release|Any CPU.ActiveCfg = Release|Any CPU
		{D58D4404-D881-4560-A216-93F7366C22EB}.Release|Any CPU.Build.0 = Release|Any CPU
		{D58D4404-D881-4560-A216-93F7366C22EB}.Release|x64.ActiveCfg = Release|Any CPU
		{D58D4404-D881-4560-A216-93F7366C22EB}.Release|x64.Build.0 = Release|Any CPU
		{D58D4404-D881-4560-A216-93F7366C22EB}.Release|x86.ActiveCfg = Release|Any CPU
		{D58D4404-D881-4560-A216-93F7366C22EB}.Release|x86.Build.0 = Release|Any CPU
		{68129F88-38FF-4BE2-9B01-DC457ECEA3E3}.Debug|Any CPU.ActiveCfg = Debug|Any CPU
		{68129F88-38FF-4BE2-9B01-DC457ECEA3E3}.Debug|Any CPU.Build.0 = Debug|Any CPU
		{68129F88-38FF-4BE2-9B01-DC457ECEA3E3}.Debug|x64.ActiveCfg = Debug|Any CPU
		{68129F88-38FF-4BE2-9B01-DC457ECEA3E3}.Debug|x64.Build.0 = Debug|Any CPU
		{68129F88-38FF-4BE2-9B01-DC457ECEA3E3}.Debug|x86.ActiveCfg = Debug|Any CPU
		{68129F88-38FF-4BE2-9B01-DC457ECEA3E3}.Debug|x86.Build.0 = Debug|Any CPU
		{68129F88-38FF-4BE2-9B01-DC457ECEA3E3}.Release|Any CPU.ActiveCfg = Release|Any CPU
		{68129F88-38FF-4BE2-9B01-DC457ECEA3E3}.Release|Any CPU.Build.0 = Release|Any CPU
		{68129F88-38FF-4BE2-9B01-DC457ECEA3E3}.Release|x64.ActiveCfg = Release|Any CPU
		{68129F88-38FF-4BE2-9B01-DC457ECEA3E3}.Release|x64.Build.0 = Release|Any CPU
		{68129F88-38FF-4BE2-9B01-DC457ECEA3E3}.Release|x86.ActiveCfg = Release|Any CPU
		{68129F88-38FF-4BE2-9B01-DC457ECEA3E3}.Release|x86.Build.0 = Release|Any CPU
		{1922CC57-A37E-40C4-A63D-CB566434CAFB}.Debug|Any CPU.ActiveCfg = Debug|Any CPU
		{1922CC57-A37E-40C4-A63D-CB566434CAFB}.Debug|Any CPU.Build.0 = Debug|Any CPU
		{1922CC57-A37E-40C4-A63D-CB566434CAFB}.Debug|x64.ActiveCfg = Debug|Any CPU
		{1922CC57-A37E-40C4-A63D-CB566434CAFB}.Debug|x64.Build.0 = Debug|Any CPU
		{1922CC57-A37E-40C4-A63D-CB566434CAFB}.Debug|x86.ActiveCfg = Debug|Any CPU
		{1922CC57-A37E-40C4-A63D-CB566434CAFB}.Debug|x86.Build.0 = Debug|Any CPU
		{1922CC57-A37E-40C4-A63D-CB566434CAFB}.Release|Any CPU.ActiveCfg = Release|Any CPU
		{1922CC57-A37E-40C4-A63D-CB566434CAFB}.Release|Any CPU.Build.0 = Release|Any CPU
		{1922CC57-A37E-40C4-A63D-CB566434CAFB}.Release|x64.ActiveCfg = Release|Any CPU
		{1922CC57-A37E-40C4-A63D-CB566434CAFB}.Release|x64.Build.0 = Release|Any CPU
		{1922CC57-A37E-40C4-A63D-CB566434CAFB}.Release|x86.ActiveCfg = Release|Any CPU
		{1922CC57-A37E-40C4-A63D-CB566434CAFB}.Release|x86.Build.0 = Release|Any CPU
		{96969D5F-8CFE-4994-9313-E0BBBB46B44D}.Debug|Any CPU.ActiveCfg = Debug|Any CPU
		{96969D5F-8CFE-4994-9313-E0BBBB46B44D}.Debug|Any CPU.Build.0 = Debug|Any CPU
		{96969D5F-8CFE-4994-9313-E0BBBB46B44D}.Debug|x64.ActiveCfg = Debug|Any CPU
		{96969D5F-8CFE-4994-9313-E0BBBB46B44D}.Debug|x64.Build.0 = Debug|Any CPU
		{96969D5F-8CFE-4994-9313-E0BBBB46B44D}.Debug|x86.ActiveCfg = Debug|Any CPU
		{96969D5F-8CFE-4994-9313-E0BBBB46B44D}.Debug|x86.Build.0 = Debug|Any CPU
		{96969D5F-8CFE-4994-9313-E0BBBB46B44D}.Release|Any CPU.ActiveCfg = Release|Any CPU
		{96969D5F-8CFE-4994-9313-E0BBBB46B44D}.Release|Any CPU.Build.0 = Release|Any CPU
		{96969D5F-8CFE-4994-9313-E0BBBB46B44D}.Release|x64.ActiveCfg = Release|Any CPU
		{96969D5F-8CFE-4994-9313-E0BBBB46B44D}.Release|x64.Build.0 = Release|Any CPU
		{96969D5F-8CFE-4994-9313-E0BBBB46B44D}.Release|x86.ActiveCfg = Release|Any CPU
		{96969D5F-8CFE-4994-9313-E0BBBB46B44D}.Release|x86.Build.0 = Release|Any CPU
		{AB2AD892-E478-431A-8EF3-6664BBBB16BB}.Debug|Any CPU.ActiveCfg = Debug|Any CPU
		{AB2AD892-E478-431A-8EF3-6664BBBB16BB}.Debug|Any CPU.Build.0 = Debug|Any CPU
		{AB2AD892-E478-431A-8EF3-6664BBBB16BB}.Debug|x64.ActiveCfg = Debug|Any CPU
		{AB2AD892-E478-431A-8EF3-6664BBBB16BB}.Debug|x64.Build.0 = Debug|Any CPU
		{AB2AD892-E478-431A-8EF3-6664BBBB16BB}.Debug|x86.ActiveCfg = Debug|Any CPU
		{AB2AD892-E478-431A-8EF3-6664BBBB16BB}.Debug|x86.Build.0 = Debug|Any CPU
		{AB2AD892-E478-431A-8EF3-6664BBBB16BB}.Release|Any CPU.ActiveCfg = Release|Any CPU
		{AB2AD892-E478-431A-8EF3-6664BBBB16BB}.Release|Any CPU.Build.0 = Release|Any CPU
		{AB2AD892-E478-431A-8EF3-6664BBBB16BB}.Release|x64.ActiveCfg = Release|Any CPU
		{AB2AD892-E478-431A-8EF3-6664BBBB16BB}.Release|x64.Build.0 = Release|Any CPU
		{AB2AD892-E478-431A-8EF3-6664BBBB16BB}.Release|x86.ActiveCfg = Release|Any CPU
		{AB2AD892-E478-431A-8EF3-6664BBBB16BB}.Release|x86.Build.0 = Release|Any CPU
		{9EEE4374-56BE-4DEB-B7A5-127BBABC5281}.Debug|Any CPU.ActiveCfg = Debug|Any CPU
		{9EEE4374-56BE-4DEB-B7A5-127BBABC5281}.Debug|Any CPU.Build.0 = Debug|Any CPU
		{9EEE4374-56BE-4DEB-B7A5-127BBABC5281}.Debug|x64.ActiveCfg = Debug|Any CPU
		{9EEE4374-56BE-4DEB-B7A5-127BBABC5281}.Debug|x64.Build.0 = Debug|Any CPU
		{9EEE4374-56BE-4DEB-B7A5-127BBABC5281}.Debug|x86.ActiveCfg = Debug|Any CPU
		{9EEE4374-56BE-4DEB-B7A5-127BBABC5281}.Debug|x86.Build.0 = Debug|Any CPU
		{9EEE4374-56BE-4DEB-B7A5-127BBABC5281}.Release|Any CPU.ActiveCfg = Release|Any CPU
		{9EEE4374-56BE-4DEB-B7A5-127BBABC5281}.Release|Any CPU.Build.0 = Release|Any CPU
		{9EEE4374-56BE-4DEB-B7A5-127BBABC5281}.Release|x64.ActiveCfg = Release|Any CPU
		{9EEE4374-56BE-4DEB-B7A5-127BBABC5281}.Release|x64.Build.0 = Release|Any CPU
		{9EEE4374-56BE-4DEB-B7A5-127BBABC5281}.Release|x86.ActiveCfg = Release|Any CPU
		{9EEE4374-56BE-4DEB-B7A5-127BBABC5281}.Release|x86.Build.0 = Release|Any CPU
		{F43656C5-12F2-46DD-9B3E-80C8114E6016}.Debug|Any CPU.ActiveCfg = Debug|Any CPU
		{F43656C5-12F2-46DD-9B3E-80C8114E6016}.Debug|Any CPU.Build.0 = Debug|Any CPU
		{F43656C5-12F2-46DD-9B3E-80C8114E6016}.Debug|x64.ActiveCfg = Debug|Any CPU
		{F43656C5-12F2-46DD-9B3E-80C8114E6016}.Debug|x64.Build.0 = Debug|Any CPU
		{F43656C5-12F2-46DD-9B3E-80C8114E6016}.Debug|x86.ActiveCfg = Debug|Any CPU
		{F43656C5-12F2-46DD-9B3E-80C8114E6016}.Debug|x86.Build.0 = Debug|Any CPU
		{F43656C5-12F2-46DD-9B3E-80C8114E6016}.Release|Any CPU.ActiveCfg = Release|Any CPU
		{F43656C5-12F2-46DD-9B3E-80C8114E6016}.Release|Any CPU.Build.0 = Release|Any CPU
		{F43656C5-12F2-46DD-9B3E-80C8114E6016}.Release|x64.ActiveCfg = Release|Any CPU
		{F43656C5-12F2-46DD-9B3E-80C8114E6016}.Release|x64.Build.0 = Release|Any CPU
		{F43656C5-12F2-46DD-9B3E-80C8114E6016}.Release|x86.ActiveCfg = Release|Any CPU
		{F43656C5-12F2-46DD-9B3E-80C8114E6016}.Release|x86.Build.0 = Release|Any CPU
		{62F10B30-50F3-48E7-9F0B-C900CB31217A}.Debug|Any CPU.ActiveCfg = Debug|Any CPU
		{62F10B30-50F3-48E7-9F0B-C900CB31217A}.Debug|Any CPU.Build.0 = Debug|Any CPU
		{62F10B30-50F3-48E7-9F0B-C900CB31217A}.Debug|x64.ActiveCfg = Debug|Any CPU
		{62F10B30-50F3-48E7-9F0B-C900CB31217A}.Debug|x64.Build.0 = Debug|Any CPU
		{62F10B30-50F3-48E7-9F0B-C900CB31217A}.Debug|x86.ActiveCfg = Debug|Any CPU
		{62F10B30-50F3-48E7-9F0B-C900CB31217A}.Debug|x86.Build.0 = Debug|Any CPU
		{62F10B30-50F3-48E7-9F0B-C900CB31217A}.Release|Any CPU.ActiveCfg = Release|Any CPU
		{62F10B30-50F3-48E7-9F0B-C900CB31217A}.Release|Any CPU.Build.0 = Release|Any CPU
		{62F10B30-50F3-48E7-9F0B-C900CB31217A}.Release|x64.ActiveCfg = Release|Any CPU
		{62F10B30-50F3-48E7-9F0B-C900CB31217A}.Release|x64.Build.0 = Release|Any CPU
		{62F10B30-50F3-48E7-9F0B-C900CB31217A}.Release|x86.ActiveCfg = Release|Any CPU
		{62F10B30-50F3-48E7-9F0B-C900CB31217A}.Release|x86.Build.0 = Release|Any CPU
		{7EFE2176-D9FA-4272-B48F-946CFB0489E4}.Debug|Any CPU.ActiveCfg = Debug|Any CPU
		{7EFE2176-D9FA-4272-B48F-946CFB0489E4}.Debug|Any CPU.Build.0 = Debug|Any CPU
		{7EFE2176-D9FA-4272-B48F-946CFB0489E4}.Debug|x64.ActiveCfg = Debug|Any CPU
		{7EFE2176-D9FA-4272-B48F-946CFB0489E4}.Debug|x64.Build.0 = Debug|Any CPU
		{7EFE2176-D9FA-4272-B48F-946CFB0489E4}.Debug|x86.ActiveCfg = Debug|Any CPU
		{7EFE2176-D9FA-4272-B48F-946CFB0489E4}.Debug|x86.Build.0 = Debug|Any CPU
		{7EFE2176-D9FA-4272-B48F-946CFB0489E4}.Release|Any CPU.ActiveCfg = Release|Any CPU
		{7EFE2176-D9FA-4272-B48F-946CFB0489E4}.Release|Any CPU.Build.0 = Release|Any CPU
		{7EFE2176-D9FA-4272-B48F-946CFB0489E4}.Release|x64.ActiveCfg = Release|Any CPU
		{7EFE2176-D9FA-4272-B48F-946CFB0489E4}.Release|x64.Build.0 = Release|Any CPU
		{7EFE2176-D9FA-4272-B48F-946CFB0489E4}.Release|x86.ActiveCfg = Release|Any CPU
		{7EFE2176-D9FA-4272-B48F-946CFB0489E4}.Release|x86.Build.0 = Release|Any CPU
		{1190106B-5009-42AD-9AA2-45D31C11A63B}.Debug|Any CPU.ActiveCfg = Debug|Any CPU
		{1190106B-5009-42AD-9AA2-45D31C11A63B}.Debug|Any CPU.Build.0 = Debug|Any CPU
		{1190106B-5009-42AD-9AA2-45D31C11A63B}.Debug|x64.ActiveCfg = Debug|Any CPU
		{1190106B-5009-42AD-9AA2-45D31C11A63B}.Debug|x64.Build.0 = Debug|Any CPU
		{1190106B-5009-42AD-9AA2-45D31C11A63B}.Debug|x86.ActiveCfg = Debug|Any CPU
		{1190106B-5009-42AD-9AA2-45D31C11A63B}.Debug|x86.Build.0 = Debug|Any CPU
		{1190106B-5009-42AD-9AA2-45D31C11A63B}.Release|Any CPU.ActiveCfg = Release|Any CPU
		{1190106B-5009-42AD-9AA2-45D31C11A63B}.Release|Any CPU.Build.0 = Release|Any CPU
		{1190106B-5009-42AD-9AA2-45D31C11A63B}.Release|x64.ActiveCfg = Release|Any CPU
		{1190106B-5009-42AD-9AA2-45D31C11A63B}.Release|x64.Build.0 = Release|Any CPU
		{1190106B-5009-42AD-9AA2-45D31C11A63B}.Release|x86.ActiveCfg = Release|Any CPU
		{1190106B-5009-42AD-9AA2-45D31C11A63B}.Release|x86.Build.0 = Release|Any CPU
		{BCDE5F6B-0BE8-40BF-B3AA-9E5C5C668670}.Debug|Any CPU.ActiveCfg = Debug|Any CPU
		{BCDE5F6B-0BE8-40BF-B3AA-9E5C5C668670}.Debug|Any CPU.Build.0 = Debug|Any CPU
		{BCDE5F6B-0BE8-40BF-B3AA-9E5C5C668670}.Debug|x64.ActiveCfg = Debug|Any CPU
		{BCDE5F6B-0BE8-40BF-B3AA-9E5C5C668670}.Debug|x64.Build.0 = Debug|Any CPU
		{BCDE5F6B-0BE8-40BF-B3AA-9E5C5C668670}.Debug|x86.ActiveCfg = Debug|Any CPU
		{BCDE5F6B-0BE8-40BF-B3AA-9E5C5C668670}.Debug|x86.Build.0 = Debug|Any CPU
		{BCDE5F6B-0BE8-40BF-B3AA-9E5C5C668670}.Release|Any CPU.ActiveCfg = Release|Any CPU
		{BCDE5F6B-0BE8-40BF-B3AA-9E5C5C668670}.Release|Any CPU.Build.0 = Release|Any CPU
		{BCDE5F6B-0BE8-40BF-B3AA-9E5C5C668670}.Release|x64.ActiveCfg = Release|Any CPU
		{BCDE5F6B-0BE8-40BF-B3AA-9E5C5C668670}.Release|x64.Build.0 = Release|Any CPU
		{BCDE5F6B-0BE8-40BF-B3AA-9E5C5C668670}.Release|x86.ActiveCfg = Release|Any CPU
		{BCDE5F6B-0BE8-40BF-B3AA-9E5C5C668670}.Release|x86.Build.0 = Release|Any CPU
		{3EAFE4F2-08E9-44A6-9E1B-6A2724A8C59D}.Debug|Any CPU.ActiveCfg = Debug|Any CPU
		{3EAFE4F2-08E9-44A6-9E1B-6A2724A8C59D}.Debug|Any CPU.Build.0 = Debug|Any CPU
		{3EAFE4F2-08E9-44A6-9E1B-6A2724A8C59D}.Debug|x64.ActiveCfg = Debug|Any CPU
		{3EAFE4F2-08E9-44A6-9E1B-6A2724A8C59D}.Debug|x64.Build.0 = Debug|Any CPU
		{3EAFE4F2-08E9-44A6-9E1B-6A2724A8C59D}.Debug|x86.ActiveCfg = Debug|Any CPU
		{3EAFE4F2-08E9-44A6-9E1B-6A2724A8C59D}.Debug|x86.Build.0 = Debug|Any CPU
		{3EAFE4F2-08E9-44A6-9E1B-6A2724A8C59D}.Release|Any CPU.ActiveCfg = Release|Any CPU
		{3EAFE4F2-08E9-44A6-9E1B-6A2724A8C59D}.Release|Any CPU.Build.0 = Release|Any CPU
		{3EAFE4F2-08E9-44A6-9E1B-6A2724A8C59D}.Release|x64.ActiveCfg = Release|Any CPU
		{3EAFE4F2-08E9-44A6-9E1B-6A2724A8C59D}.Release|x64.Build.0 = Release|Any CPU
		{3EAFE4F2-08E9-44A6-9E1B-6A2724A8C59D}.Release|x86.ActiveCfg = Release|Any CPU
		{3EAFE4F2-08E9-44A6-9E1B-6A2724A8C59D}.Release|x86.Build.0 = Release|Any CPU
		{8675AAE1-0C97-4BBA-AAED-059E4BBED4A6}.Debug|Any CPU.ActiveCfg = Debug|Any CPU
		{8675AAE1-0C97-4BBA-AAED-059E4BBED4A6}.Debug|Any CPU.Build.0 = Debug|Any CPU
		{8675AAE1-0C97-4BBA-AAED-059E4BBED4A6}.Debug|x64.ActiveCfg = Debug|Any CPU
		{8675AAE1-0C97-4BBA-AAED-059E4BBED4A6}.Debug|x64.Build.0 = Debug|Any CPU
		{8675AAE1-0C97-4BBA-AAED-059E4BBED4A6}.Debug|x86.ActiveCfg = Debug|Any CPU
		{8675AAE1-0C97-4BBA-AAED-059E4BBED4A6}.Debug|x86.Build.0 = Debug|Any CPU
		{8675AAE1-0C97-4BBA-AAED-059E4BBED4A6}.Release|Any CPU.ActiveCfg = Release|Any CPU
		{8675AAE1-0C97-4BBA-AAED-059E4BBED4A6}.Release|Any CPU.Build.0 = Release|Any CPU
		{8675AAE1-0C97-4BBA-AAED-059E4BBED4A6}.Release|x64.ActiveCfg = Release|Any CPU
		{8675AAE1-0C97-4BBA-AAED-059E4BBED4A6}.Release|x64.Build.0 = Release|Any CPU
		{8675AAE1-0C97-4BBA-AAED-059E4BBED4A6}.Release|x86.ActiveCfg = Release|Any CPU
		{8675AAE1-0C97-4BBA-AAED-059E4BBED4A6}.Release|x86.Build.0 = Release|Any CPU
		{EA03CCC2-D8A2-4ED7-94F5-AAC0C9AAA456}.Debug|Any CPU.ActiveCfg = Debug|Any CPU
		{EA03CCC2-D8A2-4ED7-94F5-AAC0C9AAA456}.Debug|Any CPU.Build.0 = Debug|Any CPU
		{EA03CCC2-D8A2-4ED7-94F5-AAC0C9AAA456}.Debug|x64.ActiveCfg = Debug|Any CPU
		{EA03CCC2-D8A2-4ED7-94F5-AAC0C9AAA456}.Debug|x64.Build.0 = Debug|Any CPU
		{EA03CCC2-D8A2-4ED7-94F5-AAC0C9AAA456}.Debug|x86.ActiveCfg = Debug|Any CPU
		{EA03CCC2-D8A2-4ED7-94F5-AAC0C9AAA456}.Debug|x86.Build.0 = Debug|Any CPU
		{EA03CCC2-D8A2-4ED7-94F5-AAC0C9AAA456}.Release|Any CPU.ActiveCfg = Release|Any CPU
		{EA03CCC2-D8A2-4ED7-94F5-AAC0C9AAA456}.Release|Any CPU.Build.0 = Release|Any CPU
		{EA03CCC2-D8A2-4ED7-94F5-AAC0C9AAA456}.Release|x64.ActiveCfg = Release|Any CPU
		{EA03CCC2-D8A2-4ED7-94F5-AAC0C9AAA456}.Release|x64.Build.0 = Release|Any CPU
		{EA03CCC2-D8A2-4ED7-94F5-AAC0C9AAA456}.Release|x86.ActiveCfg = Release|Any CPU
		{EA03CCC2-D8A2-4ED7-94F5-AAC0C9AAA456}.Release|x86.Build.0 = Release|Any CPU
		{56A4A8FB-97B9-418E-ABB7-CA37D2194D39}.Debug|Any CPU.ActiveCfg = Debug|Any CPU
		{56A4A8FB-97B9-418E-ABB7-CA37D2194D39}.Debug|Any CPU.Build.0 = Debug|Any CPU
		{56A4A8FB-97B9-418E-ABB7-CA37D2194D39}.Debug|x64.ActiveCfg = Debug|Any CPU
		{56A4A8FB-97B9-418E-ABB7-CA37D2194D39}.Debug|x64.Build.0 = Debug|Any CPU
		{56A4A8FB-97B9-418E-ABB7-CA37D2194D39}.Debug|x86.ActiveCfg = Debug|Any CPU
		{56A4A8FB-97B9-418E-ABB7-CA37D2194D39}.Debug|x86.Build.0 = Debug|Any CPU
		{56A4A8FB-97B9-418E-ABB7-CA37D2194D39}.Release|Any CPU.ActiveCfg = Release|Any CPU
		{56A4A8FB-97B9-418E-ABB7-CA37D2194D39}.Release|Any CPU.Build.0 = Release|Any CPU
		{56A4A8FB-97B9-418E-ABB7-CA37D2194D39}.Release|x64.ActiveCfg = Release|Any CPU
		{56A4A8FB-97B9-418E-ABB7-CA37D2194D39}.Release|x64.Build.0 = Release|Any CPU
		{56A4A8FB-97B9-418E-ABB7-CA37D2194D39}.Release|x86.ActiveCfg = Release|Any CPU
		{56A4A8FB-97B9-418E-ABB7-CA37D2194D39}.Release|x86.Build.0 = Release|Any CPU
		{767768A6-098A-4244-A33B-E4D2D27DAF93}.Debug|Any CPU.ActiveCfg = Debug|Any CPU
		{767768A6-098A-4244-A33B-E4D2D27DAF93}.Debug|Any CPU.Build.0 = Debug|Any CPU
		{767768A6-098A-4244-A33B-E4D2D27DAF93}.Debug|x64.ActiveCfg = Debug|Any CPU
		{767768A6-098A-4244-A33B-E4D2D27DAF93}.Debug|x64.Build.0 = Debug|Any CPU
		{767768A6-098A-4244-A33B-E4D2D27DAF93}.Debug|x86.ActiveCfg = Debug|Any CPU
		{767768A6-098A-4244-A33B-E4D2D27DAF93}.Debug|x86.Build.0 = Debug|Any CPU
		{767768A6-098A-4244-A33B-E4D2D27DAF93}.Release|Any CPU.ActiveCfg = Release|Any CPU
		{767768A6-098A-4244-A33B-E4D2D27DAF93}.Release|Any CPU.Build.0 = Release|Any CPU
		{767768A6-098A-4244-A33B-E4D2D27DAF93}.Release|x64.ActiveCfg = Release|Any CPU
		{767768A6-098A-4244-A33B-E4D2D27DAF93}.Release|x64.Build.0 = Release|Any CPU
		{767768A6-098A-4244-A33B-E4D2D27DAF93}.Release|x86.ActiveCfg = Release|Any CPU
		{767768A6-098A-4244-A33B-E4D2D27DAF93}.Release|x86.Build.0 = Release|Any CPU
		{2E6F3736-BC87-4366-8837-0DABF548D371}.Debug|Any CPU.ActiveCfg = Debug|Any CPU
		{2E6F3736-BC87-4366-8837-0DABF548D371}.Debug|Any CPU.Build.0 = Debug|Any CPU
		{2E6F3736-BC87-4366-8837-0DABF548D371}.Debug|x64.ActiveCfg = Debug|Any CPU
		{2E6F3736-BC87-4366-8837-0DABF548D371}.Debug|x64.Build.0 = Debug|Any CPU
		{2E6F3736-BC87-4366-8837-0DABF548D371}.Debug|x86.ActiveCfg = Debug|Any CPU
		{2E6F3736-BC87-4366-8837-0DABF548D371}.Debug|x86.Build.0 = Debug|Any CPU
		{2E6F3736-BC87-4366-8837-0DABF548D371}.Release|Any CPU.ActiveCfg = Release|Any CPU
		{2E6F3736-BC87-4366-8837-0DABF548D371}.Release|Any CPU.Build.0 = Release|Any CPU
		{2E6F3736-BC87-4366-8837-0DABF548D371}.Release|x64.ActiveCfg = Release|Any CPU
		{2E6F3736-BC87-4366-8837-0DABF548D371}.Release|x64.Build.0 = Release|Any CPU
		{2E6F3736-BC87-4366-8837-0DABF548D371}.Release|x86.ActiveCfg = Release|Any CPU
		{2E6F3736-BC87-4366-8837-0DABF548D371}.Release|x86.Build.0 = Release|Any CPU
		{5BC03D4E-D513-4FAC-882C-07C4F651A506}.Debug|Any CPU.ActiveCfg = Debug|Any CPU
		{5BC03D4E-D513-4FAC-882C-07C4F651A506}.Debug|Any CPU.Build.0 = Debug|Any CPU
		{5BC03D4E-D513-4FAC-882C-07C4F651A506}.Debug|x64.ActiveCfg = Debug|Any CPU
		{5BC03D4E-D513-4FAC-882C-07C4F651A506}.Debug|x64.Build.0 = Debug|Any CPU
		{5BC03D4E-D513-4FAC-882C-07C4F651A506}.Debug|x86.ActiveCfg = Debug|Any CPU
		{5BC03D4E-D513-4FAC-882C-07C4F651A506}.Debug|x86.Build.0 = Debug|Any CPU
		{5BC03D4E-D513-4FAC-882C-07C4F651A506}.Release|Any CPU.ActiveCfg = Release|Any CPU
		{5BC03D4E-D513-4FAC-882C-07C4F651A506}.Release|Any CPU.Build.0 = Release|Any CPU
		{5BC03D4E-D513-4FAC-882C-07C4F651A506}.Release|x64.ActiveCfg = Release|Any CPU
		{5BC03D4E-D513-4FAC-882C-07C4F651A506}.Release|x64.Build.0 = Release|Any CPU
		{5BC03D4E-D513-4FAC-882C-07C4F651A506}.Release|x86.ActiveCfg = Release|Any CPU
		{5BC03D4E-D513-4FAC-882C-07C4F651A506}.Release|x86.Build.0 = Release|Any CPU
		{E498BF25-C428-4CBE-81D9-173BC0AA1BAD}.Debug|Any CPU.ActiveCfg = Debug|Any CPU
		{E498BF25-C428-4CBE-81D9-173BC0AA1BAD}.Debug|Any CPU.Build.0 = Debug|Any CPU
		{E498BF25-C428-4CBE-81D9-173BC0AA1BAD}.Debug|x64.ActiveCfg = Debug|Any CPU
		{E498BF25-C428-4CBE-81D9-173BC0AA1BAD}.Debug|x64.Build.0 = Debug|Any CPU
		{E498BF25-C428-4CBE-81D9-173BC0AA1BAD}.Debug|x86.ActiveCfg = Debug|Any CPU
		{E498BF25-C428-4CBE-81D9-173BC0AA1BAD}.Debug|x86.Build.0 = Debug|Any CPU
		{E498BF25-C428-4CBE-81D9-173BC0AA1BAD}.Release|Any CPU.ActiveCfg = Release|Any CPU
		{E498BF25-C428-4CBE-81D9-173BC0AA1BAD}.Release|Any CPU.Build.0 = Release|Any CPU
		{E498BF25-C428-4CBE-81D9-173BC0AA1BAD}.Release|x64.ActiveCfg = Release|Any CPU
		{E498BF25-C428-4CBE-81D9-173BC0AA1BAD}.Release|x64.Build.0 = Release|Any CPU
		{E498BF25-C428-4CBE-81D9-173BC0AA1BAD}.Release|x86.ActiveCfg = Release|Any CPU
		{E498BF25-C428-4CBE-81D9-173BC0AA1BAD}.Release|x86.Build.0 = Release|Any CPU
		{8EDE26C9-1596-4BE5-BDAB-D0C3BAB30BB5}.Debug|Any CPU.ActiveCfg = Debug|Any CPU
		{8EDE26C9-1596-4BE5-BDAB-D0C3BAB30BB5}.Debug|Any CPU.Build.0 = Debug|Any CPU
		{8EDE26C9-1596-4BE5-BDAB-D0C3BAB30BB5}.Debug|x64.ActiveCfg = Debug|Any CPU
		{8EDE26C9-1596-4BE5-BDAB-D0C3BAB30BB5}.Debug|x64.Build.0 = Debug|Any CPU
		{8EDE26C9-1596-4BE5-BDAB-D0C3BAB30BB5}.Debug|x86.ActiveCfg = Debug|Any CPU
		{8EDE26C9-1596-4BE5-BDAB-D0C3BAB30BB5}.Debug|x86.Build.0 = Debug|Any CPU
		{8EDE26C9-1596-4BE5-BDAB-D0C3BAB30BB5}.Release|Any CPU.ActiveCfg = Release|Any CPU
		{8EDE26C9-1596-4BE5-BDAB-D0C3BAB30BB5}.Release|Any CPU.Build.0 = Release|Any CPU
		{8EDE26C9-1596-4BE5-BDAB-D0C3BAB30BB5}.Release|x64.ActiveCfg = Release|Any CPU
		{8EDE26C9-1596-4BE5-BDAB-D0C3BAB30BB5}.Release|x64.Build.0 = Release|Any CPU
		{8EDE26C9-1596-4BE5-BDAB-D0C3BAB30BB5}.Release|x86.ActiveCfg = Release|Any CPU
		{8EDE26C9-1596-4BE5-BDAB-D0C3BAB30BB5}.Release|x86.Build.0 = Release|Any CPU
		{90B16147-880A-48FC-BDE7-795B4961BE61}.Debug|Any CPU.ActiveCfg = Debug|Any CPU
		{90B16147-880A-48FC-BDE7-795B4961BE61}.Debug|Any CPU.Build.0 = Debug|Any CPU
		{90B16147-880A-48FC-BDE7-795B4961BE61}.Debug|x64.ActiveCfg = Debug|Any CPU
		{90B16147-880A-48FC-BDE7-795B4961BE61}.Debug|x64.Build.0 = Debug|Any CPU
		{90B16147-880A-48FC-BDE7-795B4961BE61}.Debug|x86.ActiveCfg = Debug|Any CPU
		{90B16147-880A-48FC-BDE7-795B4961BE61}.Debug|x86.Build.0 = Debug|Any CPU
		{90B16147-880A-48FC-BDE7-795B4961BE61}.Release|Any CPU.ActiveCfg = Release|Any CPU
		{90B16147-880A-48FC-BDE7-795B4961BE61}.Release|Any CPU.Build.0 = Release|Any CPU
		{90B16147-880A-48FC-BDE7-795B4961BE61}.Release|x64.ActiveCfg = Release|Any CPU
		{90B16147-880A-48FC-BDE7-795B4961BE61}.Release|x64.Build.0 = Release|Any CPU
		{90B16147-880A-48FC-BDE7-795B4961BE61}.Release|x86.ActiveCfg = Release|Any CPU
		{90B16147-880A-48FC-BDE7-795B4961BE61}.Release|x86.Build.0 = Release|Any CPU
		{6E2ACCDA-10D0-42A8-826F-C1F6A0DFE617}.Debug|Any CPU.ActiveCfg = Debug|Any CPU
		{6E2ACCDA-10D0-42A8-826F-C1F6A0DFE617}.Debug|Any CPU.Build.0 = Debug|Any CPU
		{6E2ACCDA-10D0-42A8-826F-C1F6A0DFE617}.Debug|x64.ActiveCfg = Debug|Any CPU
		{6E2ACCDA-10D0-42A8-826F-C1F6A0DFE617}.Debug|x64.Build.0 = Debug|Any CPU
		{6E2ACCDA-10D0-42A8-826F-C1F6A0DFE617}.Debug|x86.ActiveCfg = Debug|Any CPU
		{6E2ACCDA-10D0-42A8-826F-C1F6A0DFE617}.Debug|x86.Build.0 = Debug|Any CPU
		{6E2ACCDA-10D0-42A8-826F-C1F6A0DFE617}.Release|Any CPU.ActiveCfg = Release|Any CPU
		{6E2ACCDA-10D0-42A8-826F-C1F6A0DFE617}.Release|Any CPU.Build.0 = Release|Any CPU
		{6E2ACCDA-10D0-42A8-826F-C1F6A0DFE617}.Release|x64.ActiveCfg = Release|Any CPU
		{6E2ACCDA-10D0-42A8-826F-C1F6A0DFE617}.Release|x64.Build.0 = Release|Any CPU
		{6E2ACCDA-10D0-42A8-826F-C1F6A0DFE617}.Release|x86.ActiveCfg = Release|Any CPU
		{6E2ACCDA-10D0-42A8-826F-C1F6A0DFE617}.Release|x86.Build.0 = Release|Any CPU
		{2FE79B79-BCD0-4D60-B3FC-10A33FE2041D}.Debug|Any CPU.ActiveCfg = Debug|Any CPU
		{2FE79B79-BCD0-4D60-B3FC-10A33FE2041D}.Debug|Any CPU.Build.0 = Debug|Any CPU
		{2FE79B79-BCD0-4D60-B3FC-10A33FE2041D}.Debug|x64.ActiveCfg = Debug|Any CPU
		{2FE79B79-BCD0-4D60-B3FC-10A33FE2041D}.Debug|x64.Build.0 = Debug|Any CPU
		{2FE79B79-BCD0-4D60-B3FC-10A33FE2041D}.Debug|x86.ActiveCfg = Debug|Any CPU
		{2FE79B79-BCD0-4D60-B3FC-10A33FE2041D}.Debug|x86.Build.0 = Debug|Any CPU
		{2FE79B79-BCD0-4D60-B3FC-10A33FE2041D}.Release|Any CPU.ActiveCfg = Release|Any CPU
		{2FE79B79-BCD0-4D60-B3FC-10A33FE2041D}.Release|Any CPU.Build.0 = Release|Any CPU
		{2FE79B79-BCD0-4D60-B3FC-10A33FE2041D}.Release|x64.ActiveCfg = Release|Any CPU
		{2FE79B79-BCD0-4D60-B3FC-10A33FE2041D}.Release|x64.Build.0 = Release|Any CPU
		{2FE79B79-BCD0-4D60-B3FC-10A33FE2041D}.Release|x86.ActiveCfg = Release|Any CPU
		{2FE79B79-BCD0-4D60-B3FC-10A33FE2041D}.Release|x86.Build.0 = Release|Any CPU
		{CD98B022-CE9D-46EB-A81E-7FEEED346317}.Debug|Any CPU.ActiveCfg = Debug|Any CPU
		{CD98B022-CE9D-46EB-A81E-7FEEED346317}.Debug|Any CPU.Build.0 = Debug|Any CPU
		{CD98B022-CE9D-46EB-A81E-7FEEED346317}.Debug|x64.ActiveCfg = Debug|Any CPU
		{CD98B022-CE9D-46EB-A81E-7FEEED346317}.Debug|x64.Build.0 = Debug|Any CPU
		{CD98B022-CE9D-46EB-A81E-7FEEED346317}.Debug|x86.ActiveCfg = Debug|Any CPU
		{CD98B022-CE9D-46EB-A81E-7FEEED346317}.Debug|x86.Build.0 = Debug|Any CPU
		{CD98B022-CE9D-46EB-A81E-7FEEED346317}.Release|Any CPU.ActiveCfg = Release|Any CPU
		{CD98B022-CE9D-46EB-A81E-7FEEED346317}.Release|Any CPU.Build.0 = Release|Any CPU
		{CD98B022-CE9D-46EB-A81E-7FEEED346317}.Release|x64.ActiveCfg = Release|Any CPU
		{CD98B022-CE9D-46EB-A81E-7FEEED346317}.Release|x64.Build.0 = Release|Any CPU
		{CD98B022-CE9D-46EB-A81E-7FEEED346317}.Release|x86.ActiveCfg = Release|Any CPU
		{CD98B022-CE9D-46EB-A81E-7FEEED346317}.Release|x86.Build.0 = Release|Any CPU
		{C0FC42D1-5572-41EE-8E7E-151AEF846247}.Debug|Any CPU.ActiveCfg = Debug|Any CPU
		{C0FC42D1-5572-41EE-8E7E-151AEF846247}.Debug|Any CPU.Build.0 = Debug|Any CPU
		{C0FC42D1-5572-41EE-8E7E-151AEF846247}.Debug|x64.ActiveCfg = Debug|Any CPU
		{C0FC42D1-5572-41EE-8E7E-151AEF846247}.Debug|x64.Build.0 = Debug|Any CPU
		{C0FC42D1-5572-41EE-8E7E-151AEF846247}.Debug|x86.ActiveCfg = Debug|Any CPU
		{C0FC42D1-5572-41EE-8E7E-151AEF846247}.Debug|x86.Build.0 = Debug|Any CPU
		{C0FC42D1-5572-41EE-8E7E-151AEF846247}.Release|Any CPU.ActiveCfg = Release|Any CPU
		{C0FC42D1-5572-41EE-8E7E-151AEF846247}.Release|Any CPU.Build.0 = Release|Any CPU
		{C0FC42D1-5572-41EE-8E7E-151AEF846247}.Release|x64.ActiveCfg = Release|Any CPU
		{C0FC42D1-5572-41EE-8E7E-151AEF846247}.Release|x64.Build.0 = Release|Any CPU
		{C0FC42D1-5572-41EE-8E7E-151AEF846247}.Release|x86.ActiveCfg = Release|Any CPU
		{C0FC42D1-5572-41EE-8E7E-151AEF846247}.Release|x86.Build.0 = Release|Any CPU
		{56BBDD18-FD6E-45F5-A249-2951FD947560}.Debug|Any CPU.ActiveCfg = Debug|Any CPU
		{56BBDD18-FD6E-45F5-A249-2951FD947560}.Debug|Any CPU.Build.0 = Debug|Any CPU
		{56BBDD18-FD6E-45F5-A249-2951FD947560}.Debug|x64.ActiveCfg = Debug|Any CPU
		{56BBDD18-FD6E-45F5-A249-2951FD947560}.Debug|x64.Build.0 = Debug|Any CPU
		{56BBDD18-FD6E-45F5-A249-2951FD947560}.Debug|x86.ActiveCfg = Debug|Any CPU
		{56BBDD18-FD6E-45F5-A249-2951FD947560}.Debug|x86.Build.0 = Debug|Any CPU
		{56BBDD18-FD6E-45F5-A249-2951FD947560}.Release|Any CPU.ActiveCfg = Release|Any CPU
		{56BBDD18-FD6E-45F5-A249-2951FD947560}.Release|Any CPU.Build.0 = Release|Any CPU
		{56BBDD18-FD6E-45F5-A249-2951FD947560}.Release|x64.ActiveCfg = Release|Any CPU
		{56BBDD18-FD6E-45F5-A249-2951FD947560}.Release|x64.Build.0 = Release|Any CPU
		{56BBDD18-FD6E-45F5-A249-2951FD947560}.Release|x86.ActiveCfg = Release|Any CPU
		{56BBDD18-FD6E-45F5-A249-2951FD947560}.Release|x86.Build.0 = Release|Any CPU
		{649E2BA1-8E4D-44F2-ACBB-0FD7727D417E}.Debug|Any CPU.ActiveCfg = Debug|Any CPU
		{649E2BA1-8E4D-44F2-ACBB-0FD7727D417E}.Debug|Any CPU.Build.0 = Debug|Any CPU
		{649E2BA1-8E4D-44F2-ACBB-0FD7727D417E}.Debug|x64.ActiveCfg = Debug|Any CPU
		{649E2BA1-8E4D-44F2-ACBB-0FD7727D417E}.Debug|x64.Build.0 = Debug|Any CPU
		{649E2BA1-8E4D-44F2-ACBB-0FD7727D417E}.Debug|x86.ActiveCfg = Debug|Any CPU
		{649E2BA1-8E4D-44F2-ACBB-0FD7727D417E}.Debug|x86.Build.0 = Debug|Any CPU
		{649E2BA1-8E4D-44F2-ACBB-0FD7727D417E}.Release|Any CPU.ActiveCfg = Release|Any CPU
		{649E2BA1-8E4D-44F2-ACBB-0FD7727D417E}.Release|Any CPU.Build.0 = Release|Any CPU
		{649E2BA1-8E4D-44F2-ACBB-0FD7727D417E}.Release|x64.ActiveCfg = Release|Any CPU
		{649E2BA1-8E4D-44F2-ACBB-0FD7727D417E}.Release|x64.Build.0 = Release|Any CPU
		{649E2BA1-8E4D-44F2-ACBB-0FD7727D417E}.Release|x86.ActiveCfg = Release|Any CPU
		{649E2BA1-8E4D-44F2-ACBB-0FD7727D417E}.Release|x86.Build.0 = Release|Any CPU
		{91E692DF-16A2-4D25-86D6-4CB29C976F97}.Debug|Any CPU.ActiveCfg = Debug|Any CPU
		{91E692DF-16A2-4D25-86D6-4CB29C976F97}.Debug|Any CPU.Build.0 = Debug|Any CPU
		{91E692DF-16A2-4D25-86D6-4CB29C976F97}.Debug|x64.ActiveCfg = Debug|Any CPU
		{91E692DF-16A2-4D25-86D6-4CB29C976F97}.Debug|x64.Build.0 = Debug|Any CPU
		{91E692DF-16A2-4D25-86D6-4CB29C976F97}.Debug|x86.ActiveCfg = Debug|Any CPU
		{91E692DF-16A2-4D25-86D6-4CB29C976F97}.Debug|x86.Build.0 = Debug|Any CPU
		{91E692DF-16A2-4D25-86D6-4CB29C976F97}.Release|Any CPU.ActiveCfg = Release|Any CPU
		{91E692DF-16A2-4D25-86D6-4CB29C976F97}.Release|Any CPU.Build.0 = Release|Any CPU
		{91E692DF-16A2-4D25-86D6-4CB29C976F97}.Release|x64.ActiveCfg = Release|Any CPU
		{91E692DF-16A2-4D25-86D6-4CB29C976F97}.Release|x64.Build.0 = Release|Any CPU
		{91E692DF-16A2-4D25-86D6-4CB29C976F97}.Release|x86.ActiveCfg = Release|Any CPU
		{91E692DF-16A2-4D25-86D6-4CB29C976F97}.Release|x86.Build.0 = Release|Any CPU
		{41E8BC79-69EF-474F-BD9E-D98735E86D86}.Debug|Any CPU.ActiveCfg = Debug|Any CPU
		{41E8BC79-69EF-474F-BD9E-D98735E86D86}.Debug|Any CPU.Build.0 = Debug|Any CPU
		{41E8BC79-69EF-474F-BD9E-D98735E86D86}.Debug|x64.ActiveCfg = Debug|Any CPU
		{41E8BC79-69EF-474F-BD9E-D98735E86D86}.Debug|x64.Build.0 = Debug|Any CPU
		{41E8BC79-69EF-474F-BD9E-D98735E86D86}.Debug|x86.ActiveCfg = Debug|Any CPU
		{41E8BC79-69EF-474F-BD9E-D98735E86D86}.Debug|x86.Build.0 = Debug|Any CPU
		{41E8BC79-69EF-474F-BD9E-D98735E86D86}.Release|Any CPU.ActiveCfg = Release|Any CPU
		{41E8BC79-69EF-474F-BD9E-D98735E86D86}.Release|Any CPU.Build.0 = Release|Any CPU
		{41E8BC79-69EF-474F-BD9E-D98735E86D86}.Release|x64.ActiveCfg = Release|Any CPU
		{41E8BC79-69EF-474F-BD9E-D98735E86D86}.Release|x64.Build.0 = Release|Any CPU
		{41E8BC79-69EF-474F-BD9E-D98735E86D86}.Release|x86.ActiveCfg = Release|Any CPU
		{41E8BC79-69EF-474F-BD9E-D98735E86D86}.Release|x86.Build.0 = Release|Any CPU
		{418B3528-705C-441C-8F64-3D04DFE8FFBF}.Debug|Any CPU.ActiveCfg = Debug|Any CPU
		{418B3528-705C-441C-8F64-3D04DFE8FFBF}.Debug|Any CPU.Build.0 = Debug|Any CPU
		{418B3528-705C-441C-8F64-3D04DFE8FFBF}.Debug|x64.ActiveCfg = Debug|Any CPU
		{418B3528-705C-441C-8F64-3D04DFE8FFBF}.Debug|x64.Build.0 = Debug|Any CPU
		{418B3528-705C-441C-8F64-3D04DFE8FFBF}.Debug|x86.ActiveCfg = Debug|Any CPU
		{418B3528-705C-441C-8F64-3D04DFE8FFBF}.Debug|x86.Build.0 = Debug|Any CPU
		{418B3528-705C-441C-8F64-3D04DFE8FFBF}.Release|Any CPU.ActiveCfg = Release|Any CPU
		{418B3528-705C-441C-8F64-3D04DFE8FFBF}.Release|Any CPU.Build.0 = Release|Any CPU
		{418B3528-705C-441C-8F64-3D04DFE8FFBF}.Release|x64.ActiveCfg = Release|Any CPU
		{418B3528-705C-441C-8F64-3D04DFE8FFBF}.Release|x64.Build.0 = Release|Any CPU
		{418B3528-705C-441C-8F64-3D04DFE8FFBF}.Release|x86.ActiveCfg = Release|Any CPU
		{418B3528-705C-441C-8F64-3D04DFE8FFBF}.Release|x86.Build.0 = Release|Any CPU
		{42212508-B9F4-4129-B7AC-16B7981597F7}.Debug|Any CPU.ActiveCfg = Debug|Any CPU
		{42212508-B9F4-4129-B7AC-16B7981597F7}.Debug|Any CPU.Build.0 = Debug|Any CPU
		{42212508-B9F4-4129-B7AC-16B7981597F7}.Debug|x64.ActiveCfg = Debug|Any CPU
		{42212508-B9F4-4129-B7AC-16B7981597F7}.Debug|x64.Build.0 = Debug|Any CPU
		{42212508-B9F4-4129-B7AC-16B7981597F7}.Debug|x86.ActiveCfg = Debug|Any CPU
		{42212508-B9F4-4129-B7AC-16B7981597F7}.Debug|x86.Build.0 = Debug|Any CPU
		{42212508-B9F4-4129-B7AC-16B7981597F7}.Release|Any CPU.ActiveCfg = Release|Any CPU
		{42212508-B9F4-4129-B7AC-16B7981597F7}.Release|Any CPU.Build.0 = Release|Any CPU
		{42212508-B9F4-4129-B7AC-16B7981597F7}.Release|x64.ActiveCfg = Release|Any CPU
		{42212508-B9F4-4129-B7AC-16B7981597F7}.Release|x64.Build.0 = Release|Any CPU
		{42212508-B9F4-4129-B7AC-16B7981597F7}.Release|x86.ActiveCfg = Release|Any CPU
		{42212508-B9F4-4129-B7AC-16B7981597F7}.Release|x86.Build.0 = Release|Any CPU
		{90E68F1A-A339-4BAF-A389-9CCF6E11FC7E}.Debug|Any CPU.ActiveCfg = Debug|Any CPU
		{90E68F1A-A339-4BAF-A389-9CCF6E11FC7E}.Debug|Any CPU.Build.0 = Debug|Any CPU
		{90E68F1A-A339-4BAF-A389-9CCF6E11FC7E}.Debug|x64.ActiveCfg = Debug|Any CPU
		{90E68F1A-A339-4BAF-A389-9CCF6E11FC7E}.Debug|x64.Build.0 = Debug|Any CPU
		{90E68F1A-A339-4BAF-A389-9CCF6E11FC7E}.Debug|x86.ActiveCfg = Debug|Any CPU
		{90E68F1A-A339-4BAF-A389-9CCF6E11FC7E}.Debug|x86.Build.0 = Debug|Any CPU
		{90E68F1A-A339-4BAF-A389-9CCF6E11FC7E}.Release|Any CPU.ActiveCfg = Release|Any CPU
		{90E68F1A-A339-4BAF-A389-9CCF6E11FC7E}.Release|Any CPU.Build.0 = Release|Any CPU
		{90E68F1A-A339-4BAF-A389-9CCF6E11FC7E}.Release|x64.ActiveCfg = Release|Any CPU
		{90E68F1A-A339-4BAF-A389-9CCF6E11FC7E}.Release|x64.Build.0 = Release|Any CPU
		{90E68F1A-A339-4BAF-A389-9CCF6E11FC7E}.Release|x86.ActiveCfg = Release|Any CPU
		{90E68F1A-A339-4BAF-A389-9CCF6E11FC7E}.Release|x86.Build.0 = Release|Any CPU
		{50B61C0F-5565-4799-94E0-CB3B45258F77}.Debug|Any CPU.ActiveCfg = Debug|Any CPU
		{50B61C0F-5565-4799-94E0-CB3B45258F77}.Debug|Any CPU.Build.0 = Debug|Any CPU
		{50B61C0F-5565-4799-94E0-CB3B45258F77}.Debug|x64.ActiveCfg = Debug|Any CPU
		{50B61C0F-5565-4799-94E0-CB3B45258F77}.Debug|x64.Build.0 = Debug|Any CPU
		{50B61C0F-5565-4799-94E0-CB3B45258F77}.Debug|x86.ActiveCfg = Debug|Any CPU
		{50B61C0F-5565-4799-94E0-CB3B45258F77}.Debug|x86.Build.0 = Debug|Any CPU
		{50B61C0F-5565-4799-94E0-CB3B45258F77}.Release|Any CPU.ActiveCfg = Release|Any CPU
		{50B61C0F-5565-4799-94E0-CB3B45258F77}.Release|Any CPU.Build.0 = Release|Any CPU
		{50B61C0F-5565-4799-94E0-CB3B45258F77}.Release|x64.ActiveCfg = Release|Any CPU
		{50B61C0F-5565-4799-94E0-CB3B45258F77}.Release|x64.Build.0 = Release|Any CPU
		{50B61C0F-5565-4799-94E0-CB3B45258F77}.Release|x86.ActiveCfg = Release|Any CPU
		{50B61C0F-5565-4799-94E0-CB3B45258F77}.Release|x86.Build.0 = Release|Any CPU
		{BC4CCA27-4D6C-4A1A-81BD-8DC1495188A9}.Debug|Any CPU.ActiveCfg = Debug|Any CPU
		{BC4CCA27-4D6C-4A1A-81BD-8DC1495188A9}.Debug|Any CPU.Build.0 = Debug|Any CPU
		{BC4CCA27-4D6C-4A1A-81BD-8DC1495188A9}.Debug|x64.ActiveCfg = Debug|Any CPU
		{BC4CCA27-4D6C-4A1A-81BD-8DC1495188A9}.Debug|x64.Build.0 = Debug|Any CPU
		{BC4CCA27-4D6C-4A1A-81BD-8DC1495188A9}.Debug|x86.ActiveCfg = Debug|Any CPU
		{BC4CCA27-4D6C-4A1A-81BD-8DC1495188A9}.Debug|x86.Build.0 = Debug|Any CPU
		{BC4CCA27-4D6C-4A1A-81BD-8DC1495188A9}.Release|Any CPU.ActiveCfg = Release|Any CPU
		{BC4CCA27-4D6C-4A1A-81BD-8DC1495188A9}.Release|Any CPU.Build.0 = Release|Any CPU
		{BC4CCA27-4D6C-4A1A-81BD-8DC1495188A9}.Release|x64.ActiveCfg = Release|Any CPU
		{BC4CCA27-4D6C-4A1A-81BD-8DC1495188A9}.Release|x64.Build.0 = Release|Any CPU
		{BC4CCA27-4D6C-4A1A-81BD-8DC1495188A9}.Release|x86.ActiveCfg = Release|Any CPU
		{BC4CCA27-4D6C-4A1A-81BD-8DC1495188A9}.Release|x86.Build.0 = Release|Any CPU
		{FDCA6D26-095B-4452-BD43-CBB6DCD622BB}.Debug|Any CPU.ActiveCfg = Debug|Any CPU
		{FDCA6D26-095B-4452-BD43-CBB6DCD622BB}.Debug|Any CPU.Build.0 = Debug|Any CPU
		{FDCA6D26-095B-4452-BD43-CBB6DCD622BB}.Debug|x64.ActiveCfg = Debug|Any CPU
		{FDCA6D26-095B-4452-BD43-CBB6DCD622BB}.Debug|x64.Build.0 = Debug|Any CPU
		{FDCA6D26-095B-4452-BD43-CBB6DCD622BB}.Debug|x86.ActiveCfg = Debug|Any CPU
		{FDCA6D26-095B-4452-BD43-CBB6DCD622BB}.Debug|x86.Build.0 = Debug|Any CPU
		{FDCA6D26-095B-4452-BD43-CBB6DCD622BB}.Release|Any CPU.ActiveCfg = Release|Any CPU
		{FDCA6D26-095B-4452-BD43-CBB6DCD622BB}.Release|Any CPU.Build.0 = Release|Any CPU
		{FDCA6D26-095B-4452-BD43-CBB6DCD622BB}.Release|x64.ActiveCfg = Release|Any CPU
		{FDCA6D26-095B-4452-BD43-CBB6DCD622BB}.Release|x64.Build.0 = Release|Any CPU
		{FDCA6D26-095B-4452-BD43-CBB6DCD622BB}.Release|x86.ActiveCfg = Release|Any CPU
		{FDCA6D26-095B-4452-BD43-CBB6DCD622BB}.Release|x86.Build.0 = Release|Any CPU
		{009D2AA0-8053-4D4A-8438-0397FFC372EA}.Debug|Any CPU.ActiveCfg = Debug|Any CPU
		{009D2AA0-8053-4D4A-8438-0397FFC372EA}.Debug|Any CPU.Build.0 = Debug|Any CPU
		{009D2AA0-8053-4D4A-8438-0397FFC372EA}.Debug|x64.ActiveCfg = Debug|Any CPU
		{009D2AA0-8053-4D4A-8438-0397FFC372EA}.Debug|x64.Build.0 = Debug|Any CPU
		{009D2AA0-8053-4D4A-8438-0397FFC372EA}.Debug|x86.ActiveCfg = Debug|Any CPU
		{009D2AA0-8053-4D4A-8438-0397FFC372EA}.Debug|x86.Build.0 = Debug|Any CPU
		{009D2AA0-8053-4D4A-8438-0397FFC372EA}.Release|Any CPU.ActiveCfg = Release|Any CPU
		{009D2AA0-8053-4D4A-8438-0397FFC372EA}.Release|Any CPU.Build.0 = Release|Any CPU
		{009D2AA0-8053-4D4A-8438-0397FFC372EA}.Release|x64.ActiveCfg = Release|Any CPU
		{009D2AA0-8053-4D4A-8438-0397FFC372EA}.Release|x64.Build.0 = Release|Any CPU
		{009D2AA0-8053-4D4A-8438-0397FFC372EA}.Release|x86.ActiveCfg = Release|Any CPU
		{009D2AA0-8053-4D4A-8438-0397FFC372EA}.Release|x86.Build.0 = Release|Any CPU
		{73BB5401-0AAA-4EF4-8911-D7B16655C455}.Debug|Any CPU.ActiveCfg = Debug|Any CPU
		{73BB5401-0AAA-4EF4-8911-D7B16655C455}.Debug|Any CPU.Build.0 = Debug|Any CPU
		{73BB5401-0AAA-4EF4-8911-D7B16655C455}.Debug|x64.ActiveCfg = Debug|Any CPU
		{73BB5401-0AAA-4EF4-8911-D7B16655C455}.Debug|x64.Build.0 = Debug|Any CPU
		{73BB5401-0AAA-4EF4-8911-D7B16655C455}.Debug|x86.ActiveCfg = Debug|Any CPU
		{73BB5401-0AAA-4EF4-8911-D7B16655C455}.Debug|x86.Build.0 = Debug|Any CPU
		{73BB5401-0AAA-4EF4-8911-D7B16655C455}.Release|Any CPU.ActiveCfg = Release|Any CPU
		{73BB5401-0AAA-4EF4-8911-D7B16655C455}.Release|Any CPU.Build.0 = Release|Any CPU
		{73BB5401-0AAA-4EF4-8911-D7B16655C455}.Release|x64.ActiveCfg = Release|Any CPU
		{73BB5401-0AAA-4EF4-8911-D7B16655C455}.Release|x64.Build.0 = Release|Any CPU
		{73BB5401-0AAA-4EF4-8911-D7B16655C455}.Release|x86.ActiveCfg = Release|Any CPU
		{73BB5401-0AAA-4EF4-8911-D7B16655C455}.Release|x86.Build.0 = Release|Any CPU
		{9C860A54-0467-47F0-956B-2DFFE5BC9805}.Debug|Any CPU.ActiveCfg = Debug|Any CPU
		{9C860A54-0467-47F0-956B-2DFFE5BC9805}.Debug|Any CPU.Build.0 = Debug|Any CPU
		{9C860A54-0467-47F0-956B-2DFFE5BC9805}.Debug|x64.ActiveCfg = Debug|Any CPU
		{9C860A54-0467-47F0-956B-2DFFE5BC9805}.Debug|x64.Build.0 = Debug|Any CPU
		{9C860A54-0467-47F0-956B-2DFFE5BC9805}.Debug|x86.ActiveCfg = Debug|Any CPU
		{9C860A54-0467-47F0-956B-2DFFE5BC9805}.Debug|x86.Build.0 = Debug|Any CPU
		{9C860A54-0467-47F0-956B-2DFFE5BC9805}.Release|Any CPU.ActiveCfg = Release|Any CPU
		{9C860A54-0467-47F0-956B-2DFFE5BC9805}.Release|Any CPU.Build.0 = Release|Any CPU
		{9C860A54-0467-47F0-956B-2DFFE5BC9805}.Release|x64.ActiveCfg = Release|Any CPU
		{9C860A54-0467-47F0-956B-2DFFE5BC9805}.Release|x64.Build.0 = Release|Any CPU
		{9C860A54-0467-47F0-956B-2DFFE5BC9805}.Release|x86.ActiveCfg = Release|Any CPU
		{9C860A54-0467-47F0-956B-2DFFE5BC9805}.Release|x86.Build.0 = Release|Any CPU
		{BADFE601-EB58-49E3-BA51-5E8919B4E1FB}.Debug|Any CPU.ActiveCfg = Debug|Any CPU
		{BADFE601-EB58-49E3-BA51-5E8919B4E1FB}.Debug|Any CPU.Build.0 = Debug|Any CPU
		{BADFE601-EB58-49E3-BA51-5E8919B4E1FB}.Debug|x64.ActiveCfg = Debug|Any CPU
		{BADFE601-EB58-49E3-BA51-5E8919B4E1FB}.Debug|x64.Build.0 = Debug|Any CPU
		{BADFE601-EB58-49E3-BA51-5E8919B4E1FB}.Debug|x86.ActiveCfg = Debug|Any CPU
		{BADFE601-EB58-49E3-BA51-5E8919B4E1FB}.Debug|x86.Build.0 = Debug|Any CPU
		{BADFE601-EB58-49E3-BA51-5E8919B4E1FB}.Release|Any CPU.ActiveCfg = Release|Any CPU
		{BADFE601-EB58-49E3-BA51-5E8919B4E1FB}.Release|Any CPU.Build.0 = Release|Any CPU
		{BADFE601-EB58-49E3-BA51-5E8919B4E1FB}.Release|x64.ActiveCfg = Release|Any CPU
		{BADFE601-EB58-49E3-BA51-5E8919B4E1FB}.Release|x64.Build.0 = Release|Any CPU
		{BADFE601-EB58-49E3-BA51-5E8919B4E1FB}.Release|x86.ActiveCfg = Release|Any CPU
		{BADFE601-EB58-49E3-BA51-5E8919B4E1FB}.Release|x86.Build.0 = Release|Any CPU
		{D2544D01-273F-45EB-A5A8-3DC5ADA0E748}.Debug|Any CPU.ActiveCfg = Debug|Any CPU
		{D2544D01-273F-45EB-A5A8-3DC5ADA0E748}.Debug|Any CPU.Build.0 = Debug|Any CPU
		{D2544D01-273F-45EB-A5A8-3DC5ADA0E748}.Debug|x64.ActiveCfg = Debug|Any CPU
		{D2544D01-273F-45EB-A5A8-3DC5ADA0E748}.Debug|x64.Build.0 = Debug|Any CPU
		{D2544D01-273F-45EB-A5A8-3DC5ADA0E748}.Debug|x86.ActiveCfg = Debug|Any CPU
		{D2544D01-273F-45EB-A5A8-3DC5ADA0E748}.Debug|x86.Build.0 = Debug|Any CPU
		{D2544D01-273F-45EB-A5A8-3DC5ADA0E748}.Release|Any CPU.ActiveCfg = Release|Any CPU
		{D2544D01-273F-45EB-A5A8-3DC5ADA0E748}.Release|Any CPU.Build.0 = Release|Any CPU
		{D2544D01-273F-45EB-A5A8-3DC5ADA0E748}.Release|x64.ActiveCfg = Release|Any CPU
		{D2544D01-273F-45EB-A5A8-3DC5ADA0E748}.Release|x64.Build.0 = Release|Any CPU
		{D2544D01-273F-45EB-A5A8-3DC5ADA0E748}.Release|x86.ActiveCfg = Release|Any CPU
		{D2544D01-273F-45EB-A5A8-3DC5ADA0E748}.Release|x86.Build.0 = Release|Any CPU
		{5F01DCB2-D740-4DD2-B577-81ABC19C6606}.Debug|Any CPU.ActiveCfg = Debug|Any CPU
		{5F01DCB2-D740-4DD2-B577-81ABC19C6606}.Debug|Any CPU.Build.0 = Debug|Any CPU
		{5F01DCB2-D740-4DD2-B577-81ABC19C6606}.Debug|x64.ActiveCfg = Debug|Any CPU
		{5F01DCB2-D740-4DD2-B577-81ABC19C6606}.Debug|x64.Build.0 = Debug|Any CPU
		{5F01DCB2-D740-4DD2-B577-81ABC19C6606}.Debug|x86.ActiveCfg = Debug|Any CPU
		{5F01DCB2-D740-4DD2-B577-81ABC19C6606}.Debug|x86.Build.0 = Debug|Any CPU
		{5F01DCB2-D740-4DD2-B577-81ABC19C6606}.Release|Any CPU.ActiveCfg = Release|Any CPU
		{5F01DCB2-D740-4DD2-B577-81ABC19C6606}.Release|Any CPU.Build.0 = Release|Any CPU
		{5F01DCB2-D740-4DD2-B577-81ABC19C6606}.Release|x64.ActiveCfg = Release|Any CPU
		{5F01DCB2-D740-4DD2-B577-81ABC19C6606}.Release|x64.Build.0 = Release|Any CPU
		{5F01DCB2-D740-4DD2-B577-81ABC19C6606}.Release|x86.ActiveCfg = Release|Any CPU
		{5F01DCB2-D740-4DD2-B577-81ABC19C6606}.Release|x86.Build.0 = Release|Any CPU
		{092AEAC7-D144-4470-B132-3B550096E4E1}.Debug|Any CPU.ActiveCfg = Debug|Any CPU
		{092AEAC7-D144-4470-B132-3B550096E4E1}.Debug|Any CPU.Build.0 = Debug|Any CPU
		{092AEAC7-D144-4470-B132-3B550096E4E1}.Debug|x64.ActiveCfg = Debug|Any CPU
		{092AEAC7-D144-4470-B132-3B550096E4E1}.Debug|x64.Build.0 = Debug|Any CPU
		{092AEAC7-D144-4470-B132-3B550096E4E1}.Debug|x86.ActiveCfg = Debug|Any CPU
		{092AEAC7-D144-4470-B132-3B550096E4E1}.Debug|x86.Build.0 = Debug|Any CPU
		{092AEAC7-D144-4470-B132-3B550096E4E1}.Release|Any CPU.ActiveCfg = Release|Any CPU
		{092AEAC7-D144-4470-B132-3B550096E4E1}.Release|Any CPU.Build.0 = Release|Any CPU
		{092AEAC7-D144-4470-B132-3B550096E4E1}.Release|x64.ActiveCfg = Release|Any CPU
		{092AEAC7-D144-4470-B132-3B550096E4E1}.Release|x64.Build.0 = Release|Any CPU
		{092AEAC7-D144-4470-B132-3B550096E4E1}.Release|x86.ActiveCfg = Release|Any CPU
		{092AEAC7-D144-4470-B132-3B550096E4E1}.Release|x86.Build.0 = Release|Any CPU
		{80A14E17-DED9-40EE-9A60-0130FC0364AB}.Debug|Any CPU.ActiveCfg = Debug|Any CPU
		{80A14E17-DED9-40EE-9A60-0130FC0364AB}.Debug|Any CPU.Build.0 = Debug|Any CPU
		{80A14E17-DED9-40EE-9A60-0130FC0364AB}.Debug|x64.ActiveCfg = Debug|Any CPU
		{80A14E17-DED9-40EE-9A60-0130FC0364AB}.Debug|x64.Build.0 = Debug|Any CPU
		{80A14E17-DED9-40EE-9A60-0130FC0364AB}.Debug|x86.ActiveCfg = Debug|Any CPU
		{80A14E17-DED9-40EE-9A60-0130FC0364AB}.Debug|x86.Build.0 = Debug|Any CPU
		{80A14E17-DED9-40EE-9A60-0130FC0364AB}.Release|Any CPU.ActiveCfg = Release|Any CPU
		{80A14E17-DED9-40EE-9A60-0130FC0364AB}.Release|Any CPU.Build.0 = Release|Any CPU
		{80A14E17-DED9-40EE-9A60-0130FC0364AB}.Release|x64.ActiveCfg = Release|Any CPU
		{80A14E17-DED9-40EE-9A60-0130FC0364AB}.Release|x64.Build.0 = Release|Any CPU
		{80A14E17-DED9-40EE-9A60-0130FC0364AB}.Release|x86.ActiveCfg = Release|Any CPU
		{80A14E17-DED9-40EE-9A60-0130FC0364AB}.Release|x86.Build.0 = Release|Any CPU
		{103436A5-91A6-4849-B73C-993B541D82E1}.Debug|Any CPU.ActiveCfg = Debug|Any CPU
		{103436A5-91A6-4849-B73C-993B541D82E1}.Debug|Any CPU.Build.0 = Debug|Any CPU
		{103436A5-91A6-4849-B73C-993B541D82E1}.Debug|x64.ActiveCfg = Debug|Any CPU
		{103436A5-91A6-4849-B73C-993B541D82E1}.Debug|x64.Build.0 = Debug|Any CPU
		{103436A5-91A6-4849-B73C-993B541D82E1}.Debug|x86.ActiveCfg = Debug|Any CPU
		{103436A5-91A6-4849-B73C-993B541D82E1}.Debug|x86.Build.0 = Debug|Any CPU
		{103436A5-91A6-4849-B73C-993B541D82E1}.Release|Any CPU.ActiveCfg = Release|Any CPU
		{103436A5-91A6-4849-B73C-993B541D82E1}.Release|Any CPU.Build.0 = Release|Any CPU
		{103436A5-91A6-4849-B73C-993B541D82E1}.Release|x64.ActiveCfg = Release|Any CPU
		{103436A5-91A6-4849-B73C-993B541D82E1}.Release|x64.Build.0 = Release|Any CPU
		{103436A5-91A6-4849-B73C-993B541D82E1}.Release|x86.ActiveCfg = Release|Any CPU
		{103436A5-91A6-4849-B73C-993B541D82E1}.Release|x86.Build.0 = Release|Any CPU
		{5341C862-A05D-4BE8-80EE-40D95CA9BC49}.Debug|Any CPU.ActiveCfg = Debug|Any CPU
		{5341C862-A05D-4BE8-80EE-40D95CA9BC49}.Debug|Any CPU.Build.0 = Debug|Any CPU
		{5341C862-A05D-4BE8-80EE-40D95CA9BC49}.Debug|x64.ActiveCfg = Debug|Any CPU
		{5341C862-A05D-4BE8-80EE-40D95CA9BC49}.Debug|x64.Build.0 = Debug|Any CPU
		{5341C862-A05D-4BE8-80EE-40D95CA9BC49}.Debug|x86.ActiveCfg = Debug|Any CPU
		{5341C862-A05D-4BE8-80EE-40D95CA9BC49}.Debug|x86.Build.0 = Debug|Any CPU
		{5341C862-A05D-4BE8-80EE-40D95CA9BC49}.Release|Any CPU.ActiveCfg = Release|Any CPU
		{5341C862-A05D-4BE8-80EE-40D95CA9BC49}.Release|Any CPU.Build.0 = Release|Any CPU
		{5341C862-A05D-4BE8-80EE-40D95CA9BC49}.Release|x64.ActiveCfg = Release|Any CPU
		{5341C862-A05D-4BE8-80EE-40D95CA9BC49}.Release|x64.Build.0 = Release|Any CPU
		{5341C862-A05D-4BE8-80EE-40D95CA9BC49}.Release|x86.ActiveCfg = Release|Any CPU
		{5341C862-A05D-4BE8-80EE-40D95CA9BC49}.Release|x86.Build.0 = Release|Any CPU
		{7DB16BBB-C9D2-4D42-89AB-7A66127BF711}.Debug|Any CPU.ActiveCfg = Debug|Any CPU
		{7DB16BBB-C9D2-4D42-89AB-7A66127BF711}.Debug|Any CPU.Build.0 = Debug|Any CPU
		{7DB16BBB-C9D2-4D42-89AB-7A66127BF711}.Debug|x64.ActiveCfg = Debug|Any CPU
		{7DB16BBB-C9D2-4D42-89AB-7A66127BF711}.Debug|x64.Build.0 = Debug|Any CPU
		{7DB16BBB-C9D2-4D42-89AB-7A66127BF711}.Debug|x86.ActiveCfg = Debug|Any CPU
		{7DB16BBB-C9D2-4D42-89AB-7A66127BF711}.Debug|x86.Build.0 = Debug|Any CPU
		{7DB16BBB-C9D2-4D42-89AB-7A66127BF711}.Release|Any CPU.ActiveCfg = Release|Any CPU
		{7DB16BBB-C9D2-4D42-89AB-7A66127BF711}.Release|Any CPU.Build.0 = Release|Any CPU
		{7DB16BBB-C9D2-4D42-89AB-7A66127BF711}.Release|x64.ActiveCfg = Release|Any CPU
		{7DB16BBB-C9D2-4D42-89AB-7A66127BF711}.Release|x64.Build.0 = Release|Any CPU
		{7DB16BBB-C9D2-4D42-89AB-7A66127BF711}.Release|x86.ActiveCfg = Release|Any CPU
		{7DB16BBB-C9D2-4D42-89AB-7A66127BF711}.Release|x86.Build.0 = Release|Any CPU
		{1046D663-2105-4DF8-A703-75DFFE6986F0}.Debug|Any CPU.ActiveCfg = Debug|Any CPU
		{1046D663-2105-4DF8-A703-75DFFE6986F0}.Debug|Any CPU.Build.0 = Debug|Any CPU
		{1046D663-2105-4DF8-A703-75DFFE6986F0}.Debug|x64.ActiveCfg = Debug|Any CPU
		{1046D663-2105-4DF8-A703-75DFFE6986F0}.Debug|x64.Build.0 = Debug|Any CPU
		{1046D663-2105-4DF8-A703-75DFFE6986F0}.Debug|x86.ActiveCfg = Debug|Any CPU
		{1046D663-2105-4DF8-A703-75DFFE6986F0}.Debug|x86.Build.0 = Debug|Any CPU
		{1046D663-2105-4DF8-A703-75DFFE6986F0}.Release|Any CPU.ActiveCfg = Release|Any CPU
		{1046D663-2105-4DF8-A703-75DFFE6986F0}.Release|Any CPU.Build.0 = Release|Any CPU
		{1046D663-2105-4DF8-A703-75DFFE6986F0}.Release|x64.ActiveCfg = Release|Any CPU
		{1046D663-2105-4DF8-A703-75DFFE6986F0}.Release|x64.Build.0 = Release|Any CPU
		{1046D663-2105-4DF8-A703-75DFFE6986F0}.Release|x86.ActiveCfg = Release|Any CPU
		{1046D663-2105-4DF8-A703-75DFFE6986F0}.Release|x86.Build.0 = Release|Any CPU
		{5B74C079-3E02-4B73-B292-DB7B898DE3B6}.Debug|Any CPU.ActiveCfg = Debug|Any CPU
		{5B74C079-3E02-4B73-B292-DB7B898DE3B6}.Debug|Any CPU.Build.0 = Debug|Any CPU
		{5B74C079-3E02-4B73-B292-DB7B898DE3B6}.Debug|x64.ActiveCfg = Debug|Any CPU
		{5B74C079-3E02-4B73-B292-DB7B898DE3B6}.Debug|x64.Build.0 = Debug|Any CPU
		{5B74C079-3E02-4B73-B292-DB7B898DE3B6}.Debug|x86.ActiveCfg = Debug|Any CPU
		{5B74C079-3E02-4B73-B292-DB7B898DE3B6}.Debug|x86.Build.0 = Debug|Any CPU
		{5B74C079-3E02-4B73-B292-DB7B898DE3B6}.Release|Any CPU.ActiveCfg = Release|Any CPU
		{5B74C079-3E02-4B73-B292-DB7B898DE3B6}.Release|Any CPU.Build.0 = Release|Any CPU
		{5B74C079-3E02-4B73-B292-DB7B898DE3B6}.Release|x64.ActiveCfg = Release|Any CPU
		{5B74C079-3E02-4B73-B292-DB7B898DE3B6}.Release|x64.Build.0 = Release|Any CPU
		{5B74C079-3E02-4B73-B292-DB7B898DE3B6}.Release|x86.ActiveCfg = Release|Any CPU
		{5B74C079-3E02-4B73-B292-DB7B898DE3B6}.Release|x86.Build.0 = Release|Any CPU
		{44F20B75-8743-4F67-9A6A-D22D901BF2A6}.Debug|Any CPU.ActiveCfg = Debug|Any CPU
		{44F20B75-8743-4F67-9A6A-D22D901BF2A6}.Debug|Any CPU.Build.0 = Debug|Any CPU
		{44F20B75-8743-4F67-9A6A-D22D901BF2A6}.Debug|x64.ActiveCfg = Debug|Any CPU
		{44F20B75-8743-4F67-9A6A-D22D901BF2A6}.Debug|x64.Build.0 = Debug|Any CPU
		{44F20B75-8743-4F67-9A6A-D22D901BF2A6}.Debug|x86.ActiveCfg = Debug|Any CPU
		{44F20B75-8743-4F67-9A6A-D22D901BF2A6}.Debug|x86.Build.0 = Debug|Any CPU
		{44F20B75-8743-4F67-9A6A-D22D901BF2A6}.Release|Any CPU.ActiveCfg = Release|Any CPU
		{44F20B75-8743-4F67-9A6A-D22D901BF2A6}.Release|Any CPU.Build.0 = Release|Any CPU
		{44F20B75-8743-4F67-9A6A-D22D901BF2A6}.Release|x64.ActiveCfg = Release|Any CPU
		{44F20B75-8743-4F67-9A6A-D22D901BF2A6}.Release|x64.Build.0 = Release|Any CPU
		{44F20B75-8743-4F67-9A6A-D22D901BF2A6}.Release|x86.ActiveCfg = Release|Any CPU
		{44F20B75-8743-4F67-9A6A-D22D901BF2A6}.Release|x86.Build.0 = Release|Any CPU
		{7818193A-6813-4187-8EE1-BD9394ECE4AF}.Debug|Any CPU.ActiveCfg = Debug|Any CPU
		{7818193A-6813-4187-8EE1-BD9394ECE4AF}.Debug|Any CPU.Build.0 = Debug|Any CPU
		{7818193A-6813-4187-8EE1-BD9394ECE4AF}.Debug|x64.ActiveCfg = Debug|Any CPU
		{7818193A-6813-4187-8EE1-BD9394ECE4AF}.Debug|x64.Build.0 = Debug|Any CPU
		{7818193A-6813-4187-8EE1-BD9394ECE4AF}.Debug|x86.ActiveCfg = Debug|Any CPU
		{7818193A-6813-4187-8EE1-BD9394ECE4AF}.Debug|x86.Build.0 = Debug|Any CPU
		{7818193A-6813-4187-8EE1-BD9394ECE4AF}.Release|Any CPU.ActiveCfg = Release|Any CPU
		{7818193A-6813-4187-8EE1-BD9394ECE4AF}.Release|Any CPU.Build.0 = Release|Any CPU
		{7818193A-6813-4187-8EE1-BD9394ECE4AF}.Release|x64.ActiveCfg = Release|Any CPU
		{7818193A-6813-4187-8EE1-BD9394ECE4AF}.Release|x64.Build.0 = Release|Any CPU
		{7818193A-6813-4187-8EE1-BD9394ECE4AF}.Release|x86.ActiveCfg = Release|Any CPU
		{7818193A-6813-4187-8EE1-BD9394ECE4AF}.Release|x86.Build.0 = Release|Any CPU
	EndGlobalSection
	GlobalSection(SolutionProperties) = preSolution
		HideSolutionNode = FALSE
	EndGlobalSection
	GlobalSection(NestedProjects) = preSolution
		{950A3B02-2622-4832-B507-568637086450} = {4C2F265B-F154-4A5C-A2F3-21296739F082}
		{7CBC1430-E7C7-443C-8E90-19AEC4DF30F0} = {2D553D8A-DD0C-48E2-9D88-16569010AAF8}
		{9A9FFFB3-44C0-4C89-AFC4-9633546FCA25} = {2D553D8A-DD0C-48E2-9D88-16569010AAF8}
		{7372A8F5-149C-4D3D-BE21-60C561B9C5D8} = {2D553D8A-DD0C-48E2-9D88-16569010AAF8}
		{16CD3924-BE77-4949-86B2-22F8F691E78D} = {2D553D8A-DD0C-48E2-9D88-16569010AAF8}
		{048AD1FF-EF97-478A-93C3-902546D32ABE} = {2D553D8A-DD0C-48E2-9D88-16569010AAF8}
		{EEE6A039-68E3-49D2-AC22-518B3E80081F} = {2D553D8A-DD0C-48E2-9D88-16569010AAF8}
		{75A8EA73-D510-4793-8F07-73AF0CF4A4FF} = {2D553D8A-DD0C-48E2-9D88-16569010AAF8}
		{E4D4D98B-E3BC-45CA-9402-4CCC2E2B4279} = {2D553D8A-DD0C-48E2-9D88-16569010AAF8}
		{8E3F53E9-67E2-4851-B8FB-2971448F8D68} = {2D553D8A-DD0C-48E2-9D88-16569010AAF8}
		{FC7F8A7D-8BD3-4182-B8C8-2FF09816B5D6} = {4C2F265B-F154-4A5C-A2F3-21296739F082}
		{E6106290-CD35-4E21-B5E1-61F5940ABCD4} = {475998D2-9D51-4611-BD98-9B6FCB502EF6}
		{0A2EF0CB-F76C-4CD7-B407-A6DA80044552} = {475998D2-9D51-4611-BD98-9B6FCB502EF6}
		{9A18B30A-DC4E-46AE-B9E3-C48B6E4E73EB} = {475998D2-9D51-4611-BD98-9B6FCB502EF6}
		{D1DDBA59-32DD-4ED2-B15C-1FF98D1B89F3} = {475998D2-9D51-4611-BD98-9B6FCB502EF6}
		{88FAC655-22A6-40C5-8097-72D69C4F5007} = {475998D2-9D51-4611-BD98-9B6FCB502EF6}
		{C2FE9DEC-BE99-4CBD-92EF-37F47569F395} = {475998D2-9D51-4611-BD98-9B6FCB502EF6}
		{7100D7D1-37B3-45EB-826A-92E675E941EC} = {475998D2-9D51-4611-BD98-9B6FCB502EF6}
		{5807226D-F932-4F1B-8520-F99124DA9843} = {475998D2-9D51-4611-BD98-9B6FCB502EF6}
		{D58D4404-D881-4560-A216-93F7366C22EB} = {475998D2-9D51-4611-BD98-9B6FCB502EF6}
		{68129F88-38FF-4BE2-9B01-DC457ECEA3E3} = {475998D2-9D51-4611-BD98-9B6FCB502EF6}
		{1922CC57-A37E-40C4-A63D-CB566434CAFB} = {475998D2-9D51-4611-BD98-9B6FCB502EF6}
		{96969D5F-8CFE-4994-9313-E0BBBB46B44D} = {63E00AA3-D3DA-4DD2-89F8-84C309D46798}
		{AB2AD892-E478-431A-8EF3-6664BBBB16BB} = {63E00AA3-D3DA-4DD2-89F8-84C309D46798}
		{9EEE4374-56BE-4DEB-B7A5-127BBABC5281} = {63E00AA3-D3DA-4DD2-89F8-84C309D46798}
		{F43656C5-12F2-46DD-9B3E-80C8114E6016} = {63E00AA3-D3DA-4DD2-89F8-84C309D46798}
		{62F10B30-50F3-48E7-9F0B-C900CB31217A} = {63E00AA3-D3DA-4DD2-89F8-84C309D46798}
		{7EFE2176-D9FA-4272-B48F-946CFB0489E4} = {63E00AA3-D3DA-4DD2-89F8-84C309D46798}
		{1190106B-5009-42AD-9AA2-45D31C11A63B} = {63E00AA3-D3DA-4DD2-89F8-84C309D46798}
		{BCDE5F6B-0BE8-40BF-B3AA-9E5C5C668670} = {78B09A05-1828-4E07-9CB4-9B06E1B737A1}
		{3EAFE4F2-08E9-44A6-9E1B-6A2724A8C59D} = {78B09A05-1828-4E07-9CB4-9B06E1B737A1}
		{8675AAE1-0C97-4BBA-AAED-059E4BBED4A6} = {78B09A05-1828-4E07-9CB4-9B06E1B737A1}
		{EA03CCC2-D8A2-4ED7-94F5-AAC0C9AAA456} = {78956B6D-9DE8-48A1-82B5-F25B848896A1}
		{56A4A8FB-97B9-418E-ABB7-CA37D2194D39} = {78956B6D-9DE8-48A1-82B5-F25B848896A1}
		{767768A6-098A-4244-A33B-E4D2D27DAF93} = {D17E25F1-DB92-4695-8690-0091B63A2810}
		{2E6F3736-BC87-4366-8837-0DABF548D371} = {D17E25F1-DB92-4695-8690-0091B63A2810}
		{5BC03D4E-D513-4FAC-882C-07C4F651A506} = {D17E25F1-DB92-4695-8690-0091B63A2810}
		{E498BF25-C428-4CBE-81D9-173BC0AA1BAD} = {D17E25F1-DB92-4695-8690-0091B63A2810}
		{8EDE26C9-1596-4BE5-BDAB-D0C3BAB30BB5} = {D17E25F1-DB92-4695-8690-0091B63A2810}
		{90B16147-880A-48FC-BDE7-795B4961BE61} = {686634F3-F6E3-4E77-83C7-7B73B1364E07}
		{6E2ACCDA-10D0-42A8-826F-C1F6A0DFE617} = {686634F3-F6E3-4E77-83C7-7B73B1364E07}
		{2FE79B79-BCD0-4D60-B3FC-10A33FE2041D} = {686634F3-F6E3-4E77-83C7-7B73B1364E07}
		{CD98B022-CE9D-46EB-A81E-7FEEED346317} = {686634F3-F6E3-4E77-83C7-7B73B1364E07}
		{C0FC42D1-5572-41EE-8E7E-151AEF846247} = {686634F3-F6E3-4E77-83C7-7B73B1364E07}
		{56BBDD18-FD6E-45F5-A249-2951FD947560} = {686634F3-F6E3-4E77-83C7-7B73B1364E07}
		{649E2BA1-8E4D-44F2-ACBB-0FD7727D417E} = {686634F3-F6E3-4E77-83C7-7B73B1364E07}
		{91E692DF-16A2-4D25-86D6-4CB29C976F97} = {686634F3-F6E3-4E77-83C7-7B73B1364E07}
		{41E8BC79-69EF-474F-BD9E-D98735E86D86} = {686634F3-F6E3-4E77-83C7-7B73B1364E07}
		{418B3528-705C-441C-8F64-3D04DFE8FFBF} = {BF988ACA-5990-44BF-B917-0F648149F575}
		{42212508-B9F4-4129-B7AC-16B7981597F7} = {BF988ACA-5990-44BF-B917-0F648149F575}
		{90E68F1A-A339-4BAF-A389-9CCF6E11FC7E} = {C97D8CB0-7EFB-4885-945B-A3F350105D36}
		{50B61C0F-5565-4799-94E0-CB3B45258F77} = {C97D8CB0-7EFB-4885-945B-A3F350105D36}
		{BC4CCA27-4D6C-4A1A-81BD-8DC1495188A9} = {C97D8CB0-7EFB-4885-945B-A3F350105D36}
		{FDCA6D26-095B-4452-BD43-CBB6DCD622BB} = {C97D8CB0-7EFB-4885-945B-A3F350105D36}
		{009D2AA0-8053-4D4A-8438-0397FFC372EA} = {738CD892-E586-4A7F-93A1-5378BB8F02AE}
		{73BB5401-0AAA-4EF4-8911-D7B16655C455} = {738CD892-E586-4A7F-93A1-5378BB8F02AE}
		{9C860A54-0467-47F0-956B-2DFFE5BC9805} = {738CD892-E586-4A7F-93A1-5378BB8F02AE}
		{BADFE601-EB58-49E3-BA51-5E8919B4E1FB} = {738CD892-E586-4A7F-93A1-5378BB8F02AE}
		{D2544D01-273F-45EB-A5A8-3DC5ADA0E748} = {738CD892-E586-4A7F-93A1-5378BB8F02AE}
		{5F01DCB2-D740-4DD2-B577-81ABC19C6606} = {738CD892-E586-4A7F-93A1-5378BB8F02AE}
		{092AEAC7-D144-4470-B132-3B550096E4E1} = {738CD892-E586-4A7F-93A1-5378BB8F02AE}
		{80A14E17-DED9-40EE-9A60-0130FC0364AB} = {738CD892-E586-4A7F-93A1-5378BB8F02AE}
		{103436A5-91A6-4849-B73C-993B541D82E1} = {738CD892-E586-4A7F-93A1-5378BB8F02AE}
		{5341C862-A05D-4BE8-80EE-40D95CA9BC49} = {3B79E79F-C7B8-4D60-BC9B-76906FF3FCFE}
		{3B79E79F-C7B8-4D60-BC9B-76906FF3FCFE} = {7817EB3B-DE0A-45A6-BC3B-ACDEB4963A9F}
		{7DB16BBB-C9D2-4D42-89AB-7A66127BF711} = {3B79E79F-C7B8-4D60-BC9B-76906FF3FCFE}
		{1046D663-2105-4DF8-A703-75DFFE6986F0} = {3B79E79F-C7B8-4D60-BC9B-76906FF3FCFE}
		{FE563375-E3C5-4FEE-82B3-52CDB9717B0D} = {7817EB3B-DE0A-45A6-BC3B-ACDEB4963A9F}
		{5B74C079-3E02-4B73-B292-DB7B898DE3B6} = {FE563375-E3C5-4FEE-82B3-52CDB9717B0D}
		{2AB0E0D2-ECA4-4A34-B5F6-39A15DF8AE67} = {7817EB3B-DE0A-45A6-BC3B-ACDEB4963A9F}
		{44F20B75-8743-4F67-9A6A-D22D901BF2A6} = {2AB0E0D2-ECA4-4A34-B5F6-39A15DF8AE67}
		{57D77D9A-C733-4B59-BD08-3D49D9AA3AED} = {7817EB3B-DE0A-45A6-BC3B-ACDEB4963A9F}
		{7818193A-6813-4187-8EE1-BD9394ECE4AF} = {57D77D9A-C733-4B59-BD08-3D49D9AA3AED}
	EndGlobalSection
	GlobalSection(ExtensibilityGlobals) = postSolution
		SolutionGuid = {A0015AC8-E7CF-4942-BFD2-B9425D4206F6}
	EndGlobalSection
EndGlobal
